// !$*UTF8*$!
{
	archiveVersion = 1;
	classes = {
	};
	objectVersion = 46;
	objects = {

/* Begin PBXAggregateTarget section */
		D9C784888DA843AA5883D402 /* Hermes Voice EQ - All */ = {
			isa = PBXAggregateTarget;
			buildConfigurationList = FCFBBAC178B4848DA66CD1A8;
			buildPhases = (
			);
			dependencies = (
				05B17DD6F0303E9F1406F8E7,
				2644B24EFF51F5CD87CA3777,
				C71E8BEF54CD55F2C6808768,
				4831F21F4F8E1FE1C5CADC14,
			);
			name = "Hermes Voice EQ - All";
			productName = "Hermes Voice EQ";
		};
/* End PBXAggregateTarget section */

/* Begin PBXBuildFile section */
		037B2B9B3DC4F8F337E30236 /* AU */ = {isa = PBXBuildFile; fileRef = CA77BA29F81AA45CE2EECFC6; };
		06E689C4415C38C35713EDD4 /* include_juce_graphics.mm */ = {isa = PBXBuildFile; fileRef = 2E4A2ED99961E2523B066660; };
		0C5B1FBB79B19DE312DFAF34 /* include_juce_audio_plugin_client_Standalone.cpp */ = {isa = PBXBuildFile; fileRef = 9DF3DA2580EDFDC36555A4B4; };
		1B3032D071400546F897F8B6 /* WebKit.framework */ = {isa = PBXBuildFile; fileRef = 80E4DD41D38F3B38FFA203DA; };
		25E7253D92FEF22E5712F7A5 /* include_juce_audio_plugin_client_VST_utils.mm */ = {isa = PBXBuildFile; fileRef = 9EBF3123FF8210CF3AD0D36A; };
		269A9DE457FF149EA1073DCF /* Standalone Plugin */ = {isa = PBXBuildFile; fileRef = A45B6785CC64FABE5D9BEF90; };
		2E38AC3479A9FA8E38739260 /* include_juce_audio_utils.mm */ = {isa = PBXBuildFile; fileRef = 37BBD0E47473A5A51F37E630; };
		35B10CEE2F3523091C8B8A70 /* PluginEditor.cpp */ = {isa = PBXBuildFile; fileRef = 394187BCCCA31E2BB54A1603; };
		3C5519DD18B58C29E4524F2E /* AudioUnit.framework */ = {isa = PBXBuildFile; fileRef = 11A7E20A36E3066DFF14CD6F; };
		4E95C1B70CD296BAE9D33704 /* Fader.cpp */ = {isa = PBXBuildFile; fileRef = 7312382E6A2C013D168E9A90; };
		50AC19FC66EAFA2305E76A02 /* SettingsPage.cpp */ = {isa = PBXBuildFile; fileRef = 8C614E2CA4C03862FE245360; };
		581F5769C34F3E95F94523DC /* include_juce_audio_processors.mm */ = {isa = PBXBuildFile; fileRef = D414BEA62E718AD4EB7E69C7; };
		5B7088B40C725E946E2E23FE /* CoreAudioKit.framework */ = {isa = PBXBuildFile; fileRef = 930E6A492EDA7C12A041134B; };
		5EFC482AC556E2451B075E71 /* include_juce_events.mm */ = {isa = PBXBuildFile; fileRef = CAD733D520C3FA539AD62A74; };
		63825B1A7A3BBACEC1EB5DA2 /* include_juce_dsp.mm */ = {isa = PBXBuildFile; fileRef = 3B053D3EB2AB71E05207655D; };
		70FD65AB170599F68EA1006B /* QuartzCore.framework */ = {isa = PBXBuildFile; fileRef = AFCF0DFB4DEE4317E6FFD700; };
		71560FC4F1960FFAF347D033 /* include_juce_audio_formats.mm */ = {isa = PBXBuildFile; fileRef = 430E8CC342DC474724C260EE; };
		8019611E05EF690F8234BC5D /* RecentFilesMenuTemplate.nib */ = {isa = PBXBuildFile; fileRef = A168874BE02B9303EF901CC3; };
		8A64DA9DCCF29BDD1B733DC9 /* include_juce_audio_plugin_client_VST3.cpp */ = {isa = PBXBuildFile; fileRef = 6D8388B64DE8886BFE8EFD7E; };
		8DE9A149FACB2ADB6E5A2330 /* include_juce_audio_plugin_client_AU_2.mm */ = {isa = PBXBuildFile; fileRef = A09E9C0601080F7C227AF1A5; };
		8F01B9360B25319C3A678E39 /* include_juce_audio_plugin_client_ARA.cpp */ = {isa = PBXBuildFile; fileRef = 4EC1B76483E29EED8AAD83B8; };
		911E9A8A6E77C553F222DFB8 /* Header.cpp */ = {isa = PBXBuildFile; fileRef = 971D64B05A242641F5E29736; };
		9319D70F95A07868502D2FC7 /* CoreAudio.framework */ = {isa = PBXBuildFile; fileRef = 77535CFF3E395CB06411C94B; };
		956DD8DF0337C43E7C3D12AA /* include_juce_core.mm */ = {isa = PBXBuildFile; fileRef = 2C511AC6D6D43AC260D4A300; };
		95BF11B1444255B97739D2F9 /* DiscRecording.framework */ = {isa = PBXBuildFile; fileRef = 0F60E01E7BCFDEE0478A2BA9; };
		98A31144F09FF08C8204A028 /* include_juce_audio_basics.mm */ = {isa = PBXBuildFile; fileRef = 8D6F1B0D81CFE60029CCB52E; };
		994E1DF9D1C30370751B4675 /* Cocoa.framework */ = {isa = PBXBuildFile; fileRef = 97D929AC7A610894EABB3408; };
		A005B064CCC728975E12EB0A /* include_juce_data_structures.mm */ = {isa = PBXBuildFile; fileRef = 702391931F96A35FD5A2A134; };
		A47C28CF7378D0CB9891EE1D /* include_juce_audio_plugin_client_AU_1.mm */ = {isa = PBXBuildFile; fileRef = AEBBFB8F3265EE38B93247A7; };
		A564011BE43197EDFF4BC34F /* CoreMIDI.framework */ = {isa = PBXBuildFile; fileRef = 40B8DED10380F3EE51A879EB; };
		A858415A72578060A9066198 /* PluginProcessor.cpp */ = {isa = PBXBuildFile; fileRef = FDACAB52CC19052ED7EE6D62; };
		AE1EC242C91AAFC3749BDA40 /* Globals.cpp */ = {isa = PBXBuildFile; fileRef = CD4703AAF3BD4E65CA684374; };
		B095BD7FB9A8332B94C2874A /* Foundation.framework */ = {isa = PBXBuildFile; fileRef = DB3C6752C72573478BC637AA; };
		BE276A80CDB82CBEA53B18A0 /* Shared Code */ = {isa = PBXBuildFile; fileRef = 8326487E2515A41495B22481; };
		C746797F7E7C8B1E27185FA9 /* include_juce_audio_devices.mm */ = {isa = PBXBuildFile; fileRef = E562E6D2A0C43C71055EAC2A; };
		C8090D7406064460F059B365 /* include_juce_audio_processors_lv2_libs.cpp */ = {isa = PBXBuildFile; fileRef = 80D20C7C1F50E306821718AB; };
		CF199E81342E3A3F438B902B /* include_juce_gui_basics.mm */ = {isa = PBXBuildFile; fileRef = B63DD61EB14CD12D02FA3EB0; };
		D38B6B4BA535A25379260B55 /* FilterBank.cpp */ = {isa = PBXBuildFile; fileRef = 50DB4A76126C8E0C5DFB8A60; };
		DD45CD427C2F9F6E0C88FD8E /* FaderLAF.cpp */ = {isa = PBXBuildFile; fileRef = 998E1C7DB97F550FEF97344D; };
		DD71D8AB6646BF4690CEABFC /* Accelerate.framework */ = {isa = PBXBuildFile; fileRef = 47E33B555F00B90EED158AF8; };
		DF0C0E6965FA4263D0C57EFD /* include_juce_audio_processors_ara.cpp */ = {isa = PBXBuildFile; fileRef = 0EBB96BF3EA4AB7BA3C29369; };
		E2A0D225AAD1800829488E4F /* include_juce_audio_plugin_client_utils.cpp */ = {isa = PBXBuildFile; fileRef = DBFCA30D067FA2F3722D749A; };
		E4C98996983BD56EA981B36B /* IOKit.framework */ = {isa = PBXBuildFile; fileRef = E906390622DF7C4A7A6496BD; };
		F2F0AFAFF5A79F925FE80A5B /* VST3 */ = {isa = PBXBuildFile; fileRef = DABB4A908FB5E728F1129475; };
		F78F4C49BB71FDBE15FB4E37 /* AudioToolbox.framework */ = {isa = PBXBuildFile; fileRef = BDC994B7A389A9E7A00E56EB; };
		FB8EEFBA881BCEF5CC73A5D9 /* include_juce_gui_extra.mm */ = {isa = PBXBuildFile; fileRef = D4A05F3468E05C38A87192E1; };
/* End PBXBuildFile section */

/* Begin PBXFileReference section */
		0EBB96BF3EA4AB7BA3C29369 /* include_juce_audio_processors_ara.cpp */ /* include_juce_audio_processors_ara.cpp */ = {isa = PBXFileReference; lastKnownFileType = sourcecode.cpp.cpp; name = include_juce_audio_processors_ara.cpp; path = ../../JuceLibraryCode/include_juce_audio_processors_ara.cpp; sourceTree = SOURCE_ROOT; };
		0F1ED23E5E0C467D7398EBA0 /* juce_gui_extra */ /* juce_gui_extra */ = {isa = PBXFileReference; lastKnownFileType = folder; name = juce_gui_extra; path = /Users/landonviator/Documents/GitHub/JUCE/modules/juce_gui_extra; sourceTree = "<absolute>"; };
		0F60E01E7BCFDEE0478A2BA9 /* DiscRecording.framework */ /* DiscRecording.framework */ = {isa = PBXFileReference; lastKnownFileType = wrapper.framework; name = DiscRecording.framework; path = System/Library/Frameworks/DiscRecording.framework; sourceTree = SDKROOT; };
		11A7E20A36E3066DFF14CD6F /* AudioUnit.framework */ /* AudioUnit.framework */ = {isa = PBXFileReference; lastKnownFileType = wrapper.framework; name = AudioUnit.framework; path = System/Library/Frameworks/AudioUnit.framework; sourceTree = SDKROOT; };
		1ADFF794708675A6C0692211 /* juce_audio_formats */ /* juce_audio_formats */ = {isa = PBXFileReference; lastKnownFileType = folder; name = juce_audio_formats; path = /Users/landonviator/Documents/GitHub/JUCE/modules/juce_audio_formats; sourceTree = "<absolute>"; };
		2C511AC6D6D43AC260D4A300 /* include_juce_core.mm */ /* include_juce_core.mm */ = {isa = PBXFileReference; lastKnownFileType = sourcecode.cpp.objcpp; name = include_juce_core.mm; path = ../../JuceLibraryCode/include_juce_core.mm; sourceTree = SOURCE_ROOT; };
		2E4A2ED99961E2523B066660 /* include_juce_graphics.mm */ /* include_juce_graphics.mm */ = {isa = PBXFileReference; lastKnownFileType = sourcecode.cpp.objcpp; name = include_juce_graphics.mm; path = ../../JuceLibraryCode/include_juce_graphics.mm; sourceTree = SOURCE_ROOT; };
		333A684717FA8315E59D10D1 /* FilterBank.h */ /* FilterBank.h */ = {isa = PBXFileReference; lastKnownFileType = sourcecode.c.h; name = FilterBank.h; path = ../../Source/DSP/FilterBank.h; sourceTree = SOURCE_ROOT; };
		37BBD0E47473A5A51F37E630 /* include_juce_audio_utils.mm */ /* include_juce_audio_utils.mm */ = {isa = PBXFileReference; lastKnownFileType = sourcecode.cpp.objcpp; name = include_juce_audio_utils.mm; path = ../../JuceLibraryCode/include_juce_audio_utils.mm; sourceTree = SOURCE_ROOT; };
		394187BCCCA31E2BB54A1603 /* PluginEditor.cpp */ /* PluginEditor.cpp */ = {isa = PBXFileReference; lastKnownFileType = sourcecode.cpp.cpp; name = PluginEditor.cpp; path = ../../Source/PluginEditor.cpp; sourceTree = SOURCE_ROOT; };
		3B053D3EB2AB71E05207655D /* include_juce_dsp.mm */ /* include_juce_dsp.mm */ = {isa = PBXFileReference; lastKnownFileType = sourcecode.cpp.objcpp; name = include_juce_dsp.mm; path = ../../JuceLibraryCode/include_juce_dsp.mm; sourceTree = SOURCE_ROOT; };
		3D702595D31837D396E74AA5 /* juce_audio_plugin_client */ /* juce_audio_plugin_client */ = {isa = PBXFileReference; lastKnownFileType = folder; name = juce_audio_plugin_client; path = /Users/landonviator/Documents/GitHub/JUCE/modules/juce_audio_plugin_client; sourceTree = "<absolute>"; };
		3F43EC0FDB413367BFD938B5 /* PluginProcessor.h */ /* PluginProcessor.h */ = {isa = PBXFileReference; lastKnownFileType = sourcecode.c.h; name = PluginProcessor.h; path = ../../Source/PluginProcessor.h; sourceTree = SOURCE_ROOT; };
		3FFC735B7DA0B6357E15F507 /* Fader.h */ /* Fader.h */ = {isa = PBXFileReference; lastKnownFileType = sourcecode.c.h; name = Fader.h; path = ../../Source/Widgets/Fader.h; sourceTree = SOURCE_ROOT; };
		40B8DED10380F3EE51A879EB /* CoreMIDI.framework */ /* CoreMIDI.framework */ = {isa = PBXFileReference; lastKnownFileType = wrapper.framework; name = CoreMIDI.framework; path = System/Library/Frameworks/CoreMIDI.framework; sourceTree = SDKROOT; };
		430E8CC342DC474724C260EE /* include_juce_audio_formats.mm */ /* include_juce_audio_formats.mm */ = {isa = PBXFileReference; lastKnownFileType = sourcecode.cpp.objcpp; name = include_juce_audio_formats.mm; path = ../../JuceLibraryCode/include_juce_audio_formats.mm; sourceTree = SOURCE_ROOT; };
		459E2B225F7A8C17DAEDE09B /* Header.h */ /* Header.h */ = {isa = PBXFileReference; lastKnownFileType = sourcecode.c.h; name = Header.h; path = ../../Source/Components/Header.h; sourceTree = SOURCE_ROOT; };
		47E33B555F00B90EED158AF8 /* Accelerate.framework */ /* Accelerate.framework */ = {isa = PBXFileReference; lastKnownFileType = wrapper.framework; name = Accelerate.framework; path = System/Library/Frameworks/Accelerate.framework; sourceTree = SDKROOT; };
		4EC1B76483E29EED8AAD83B8 /* include_juce_audio_plugin_client_ARA.cpp */ /* include_juce_audio_plugin_client_ARA.cpp */ = {isa = PBXFileReference; lastKnownFileType = sourcecode.cpp.cpp; name = include_juce_audio_plugin_client_ARA.cpp; path = ../../JuceLibraryCode/include_juce_audio_plugin_client_ARA.cpp; sourceTree = SOURCE_ROOT; };
		4F7C20069D6D2C73BF9B0F19 /* SettingsPage.h */ /* SettingsPage.h */ = {isa = PBXFileReference; lastKnownFileType = sourcecode.c.h; name = SettingsPage.h; path = ../../Source/Components/SettingsPage.h; sourceTree = SOURCE_ROOT; };
		50DB4A76126C8E0C5DFB8A60 /* FilterBank.cpp */ /* FilterBank.cpp */ = {isa = PBXFileReference; lastKnownFileType = sourcecode.cpp.cpp; name = FilterBank.cpp; path = ../../Source/DSP/FilterBank.cpp; sourceTree = SOURCE_ROOT; };
		608263C4CBC04A849D843DAF /* juce_audio_basics */ /* juce_audio_basics */ = {isa = PBXFileReference; lastKnownFileType = folder; name = juce_audio_basics; path = /Users/landonviator/Documents/GitHub/JUCE/modules/juce_audio_basics; sourceTree = "<absolute>"; };
		6D8388B64DE8886BFE8EFD7E /* include_juce_audio_plugin_client_VST3.cpp */ /* include_juce_audio_plugin_client_VST3.cpp */ = {isa = PBXFileReference; lastKnownFileType = sourcecode.cpp.cpp; name = include_juce_audio_plugin_client_VST3.cpp; path = ../../JuceLibraryCode/include_juce_audio_plugin_client_VST3.cpp; sourceTree = SOURCE_ROOT; };
		702391931F96A35FD5A2A134 /* include_juce_data_structures.mm */ /* include_juce_data_structures.mm */ = {isa = PBXFileReference; lastKnownFileType = sourcecode.cpp.objcpp; name = include_juce_data_structures.mm; path = ../../JuceLibraryCode/include_juce_data_structures.mm; sourceTree = SOURCE_ROOT; };
		70666F82B7095AA19A8BCE5C /* juce_dsp */ /* juce_dsp */ = {isa = PBXFileReference; lastKnownFileType = folder; name = juce_dsp; path = /Users/landonviator/Documents/GitHub/JUCE/modules/juce_dsp; sourceTree = "<absolute>"; };
		7312382E6A2C013D168E9A90 /* Fader.cpp */ /* Fader.cpp */ = {isa = PBXFileReference; lastKnownFileType = sourcecode.cpp.cpp; name = Fader.cpp; path = ../../Source/Widgets/Fader.cpp; sourceTree = SOURCE_ROOT; };
		77535CFF3E395CB06411C94B /* CoreAudio.framework */ /* CoreAudio.framework */ = {isa = PBXFileReference; lastKnownFileType = wrapper.framework; name = CoreAudio.framework; path = System/Library/Frameworks/CoreAudio.framework; sourceTree = SDKROOT; };
		7A803A919FDD3A54A43BAACE /* juce_data_structures */ /* juce_data_structures */ = {isa = PBXFileReference; lastKnownFileType = folder; name = juce_data_structures; path = /Users/landonviator/Documents/GitHub/JUCE/modules/juce_data_structures; sourceTree = "<absolute>"; };
		8026C2C41EDBCECFEF97DCE6 /* JuceHeader.h */ /* JuceHeader.h */ = {isa = PBXFileReference; lastKnownFileType = sourcecode.c.h; name = JuceHeader.h; path = ../../JuceLibraryCode/JuceHeader.h; sourceTree = SOURCE_ROOT; };
		8035E76CD869EB1DF090EE32 /* Globals.h */ /* Globals.h */ = {isa = PBXFileReference; lastKnownFileType = sourcecode.c.h; name = Globals.h; path = ../../Source/Globals/Globals.h; sourceTree = SOURCE_ROOT; };
		80D20C7C1F50E306821718AB /* include_juce_audio_processors_lv2_libs.cpp */ /* include_juce_audio_processors_lv2_libs.cpp */ = {isa = PBXFileReference; lastKnownFileType = sourcecode.cpp.cpp; name = include_juce_audio_processors_lv2_libs.cpp; path = ../../JuceLibraryCode/include_juce_audio_processors_lv2_libs.cpp; sourceTree = SOURCE_ROOT; };
		80E4DD41D38F3B38FFA203DA /* WebKit.framework */ /* WebKit.framework */ = {isa = PBXFileReference; lastKnownFileType = wrapper.framework; name = WebKit.framework; path = System/Library/Frameworks/WebKit.framework; sourceTree = SDKROOT; };
		82341551BD872848C215E23B /* juce_graphics */ /* juce_graphics */ = {isa = PBXFileReference; lastKnownFileType = folder; name = juce_graphics; path = /Users/landonviator/Documents/GitHub/JUCE/modules/juce_graphics; sourceTree = "<absolute>"; };
		8326487E2515A41495B22481 /* Shared Code */ = {isa = PBXFileReference; explicitFileType = archive.ar; includeInIndex = 0; path = "libHermes Voice EQ.a"; sourceTree = BUILT_PRODUCTS_DIR; };
		840E71AB71850BB7F35BDE25 /* juce_gui_basics */ /* juce_gui_basics */ = {isa = PBXFileReference; lastKnownFileType = folder; name = juce_gui_basics; path = /Users/landonviator/Documents/GitHub/JUCE/modules/juce_gui_basics; sourceTree = "<absolute>"; };
		8C614E2CA4C03862FE245360 /* SettingsPage.cpp */ /* SettingsPage.cpp */ = {isa = PBXFileReference; lastKnownFileType = sourcecode.cpp.cpp; name = SettingsPage.cpp; path = ../../Source/Components/SettingsPage.cpp; sourceTree = SOURCE_ROOT; };
		8D6F1B0D81CFE60029CCB52E /* include_juce_audio_basics.mm */ /* include_juce_audio_basics.mm */ = {isa = PBXFileReference; lastKnownFileType = sourcecode.cpp.objcpp; name = include_juce_audio_basics.mm; path = ../../JuceLibraryCode/include_juce_audio_basics.mm; sourceTree = SOURCE_ROOT; };
		930E6A492EDA7C12A041134B /* CoreAudioKit.framework */ /* CoreAudioKit.framework */ = {isa = PBXFileReference; lastKnownFileType = wrapper.framework; name = CoreAudioKit.framework; path = System/Library/Frameworks/CoreAudioKit.framework; sourceTree = SDKROOT; };
		971D64B05A242641F5E29736 /* Header.cpp */ /* Header.cpp */ = {isa = PBXFileReference; lastKnownFileType = sourcecode.cpp.cpp; name = Header.cpp; path = ../../Source/Components/Header.cpp; sourceTree = SOURCE_ROOT; };
		97D929AC7A610894EABB3408 /* Cocoa.framework */ /* Cocoa.framework */ = {isa = PBXFileReference; lastKnownFileType = wrapper.framework; name = Cocoa.framework; path = System/Library/Frameworks/Cocoa.framework; sourceTree = SDKROOT; };
		998E1C7DB97F550FEF97344D /* FaderLAF.cpp */ /* FaderLAF.cpp */ = {isa = PBXFileReference; lastKnownFileType = sourcecode.cpp.cpp; name = FaderLAF.cpp; path = ../../Source/LAF/FaderLAF.cpp; sourceTree = SOURCE_ROOT; };
		9DF3DA2580EDFDC36555A4B4 /* include_juce_audio_plugin_client_Standalone.cpp */ /* include_juce_audio_plugin_client_Standalone.cpp */ = {isa = PBXFileReference; lastKnownFileType = sourcecode.cpp.cpp; name = include_juce_audio_plugin_client_Standalone.cpp; path = ../../JuceLibraryCode/include_juce_audio_plugin_client_Standalone.cpp; sourceTree = SOURCE_ROOT; };
		9EBF3123FF8210CF3AD0D36A /* include_juce_audio_plugin_client_VST_utils.mm */ /* include_juce_audio_plugin_client_VST_utils.mm */ = {isa = PBXFileReference; lastKnownFileType = sourcecode.cpp.objcpp; name = include_juce_audio_plugin_client_VST_utils.mm; path = ../../JuceLibraryCode/include_juce_audio_plugin_client_VST_utils.mm; sourceTree = SOURCE_ROOT; };
		A09E9C0601080F7C227AF1A5 /* include_juce_audio_plugin_client_AU_2.mm */ /* include_juce_audio_plugin_client_AU_2.mm */ = {isa = PBXFileReference; lastKnownFileType = sourcecode.cpp.objcpp; name = include_juce_audio_plugin_client_AU_2.mm; path = ../../JuceLibraryCode/include_juce_audio_plugin_client_AU_2.mm; sourceTree = SOURCE_ROOT; };
		A0E2AB09F1FFDB60EE50330C /* juce_audio_utils */ /* juce_audio_utils */ = {isa = PBXFileReference; lastKnownFileType = folder; name = juce_audio_utils; path = /Users/landonviator/Documents/GitHub/JUCE/modules/juce_audio_utils; sourceTree = "<absolute>"; };
		A168874BE02B9303EF901CC3 /* RecentFilesMenuTemplate.nib */ /* RecentFilesMenuTemplate.nib */ = {isa = PBXFileReference; lastKnownFileType = file.nib; name = RecentFilesMenuTemplate.nib; path = RecentFilesMenuTemplate.nib; sourceTree = SOURCE_ROOT; };
		A45B6785CC64FABE5D9BEF90 /* Standalone Plugin */ = {isa = PBXFileReference; explicitFileType = wrapper.application; includeInIndex = 0; path = "Hermes Voice EQ.app"; sourceTree = BUILT_PRODUCTS_DIR; };
		A478B24C2FAF88B7EC49D3D7 /* Info-VST3.plist */ /* Info-VST3.plist */ = {isa = PBXFileReference; lastKnownFileType = text.plist.xml; name = "Info-VST3.plist"; path = "Info-VST3.plist"; sourceTree = SOURCE_ROOT; };
		AEBBFB8F3265EE38B93247A7 /* include_juce_audio_plugin_client_AU_1.mm */ /* include_juce_audio_plugin_client_AU_1.mm */ = {isa = PBXFileReference; lastKnownFileType = sourcecode.cpp.objcpp; name = include_juce_audio_plugin_client_AU_1.mm; path = ../../JuceLibraryCode/include_juce_audio_plugin_client_AU_1.mm; sourceTree = SOURCE_ROOT; };
		AFCF0DFB4DEE4317E6FFD700 /* QuartzCore.framework */ /* QuartzCore.framework */ = {isa = PBXFileReference; lastKnownFileType = wrapper.framework; name = QuartzCore.framework; path = System/Library/Frameworks/QuartzCore.framework; sourceTree = SDKROOT; };
		B568EF9C64926DE5CF0FBC52 /* juce_audio_devices */ /* juce_audio_devices */ = {isa = PBXFileReference; lastKnownFileType = folder; name = juce_audio_devices; path = /Users/landonviator/Documents/GitHub/JUCE/modules/juce_audio_devices; sourceTree = "<absolute>"; };
		B63DD61EB14CD12D02FA3EB0 /* include_juce_gui_basics.mm */ /* include_juce_gui_basics.mm */ = {isa = PBXFileReference; lastKnownFileType = sourcecode.cpp.objcpp; name = include_juce_gui_basics.mm; path = ../../JuceLibraryCode/include_juce_gui_basics.mm; sourceTree = SOURCE_ROOT; };
		BCD265936DF85E573B9A2A6D /* juce_audio_processors */ /* juce_audio_processors */ = {isa = PBXFileReference; lastKnownFileType = folder; name = juce_audio_processors; path = /Users/landonviator/Documents/GitHub/JUCE/modules/juce_audio_processors; sourceTree = "<absolute>"; };
		BD0C2F8F10FA062703441FB1 /* Info-Standalone_Plugin.plist */ /* Info-Standalone_Plugin.plist */ = {isa = PBXFileReference; lastKnownFileType = text.plist.xml; name = "Info-Standalone_Plugin.plist"; path = "Info-Standalone_Plugin.plist"; sourceTree = SOURCE_ROOT; };
		BDC994B7A389A9E7A00E56EB /* AudioToolbox.framework */ /* AudioToolbox.framework */ = {isa = PBXFileReference; lastKnownFileType = wrapper.framework; name = AudioToolbox.framework; path = System/Library/Frameworks/AudioToolbox.framework; sourceTree = SDKROOT; };
		C1067E290179D95743AC0835 /* juce_events */ /* juce_events */ = {isa = PBXFileReference; lastKnownFileType = folder; name = juce_events; path = /Users/landonviator/Documents/GitHub/JUCE/modules/juce_events; sourceTree = "<absolute>"; };
		CA77BA29F81AA45CE2EECFC6 /* AU */ = {isa = PBXFileReference; explicitFileType = wrapper.cfbundle; includeInIndex = 0; path = "Hermes Voice EQ.component"; sourceTree = BUILT_PRODUCTS_DIR; };
		CAD733D520C3FA539AD62A74 /* include_juce_events.mm */ /* include_juce_events.mm */ = {isa = PBXFileReference; lastKnownFileType = sourcecode.cpp.objcpp; name = include_juce_events.mm; path = ../../JuceLibraryCode/include_juce_events.mm; sourceTree = SOURCE_ROOT; };
		CB2A076B7A09F23B0B3C504D /* FaderLAF.h */ /* FaderLAF.h */ = {isa = PBXFileReference; lastKnownFileType = sourcecode.c.h; name = FaderLAF.h; path = ../../Source/LAF/FaderLAF.h; sourceTree = SOURCE_ROOT; };
		CD4703AAF3BD4E65CA684374 /* Globals.cpp */ /* Globals.cpp */ = {isa = PBXFileReference; lastKnownFileType = sourcecode.cpp.cpp; name = Globals.cpp; path = ../../Source/Globals/Globals.cpp; sourceTree = SOURCE_ROOT; };
		CF9E539A78078F0850FF6087 /* JucePluginDefines.h */ /* JucePluginDefines.h */ = {isa = PBXFileReference; lastKnownFileType = sourcecode.c.h; name = JucePluginDefines.h; path = ../../JuceLibraryCode/JucePluginDefines.h; sourceTree = SOURCE_ROOT; };
		D414BEA62E718AD4EB7E69C7 /* include_juce_audio_processors.mm */ /* include_juce_audio_processors.mm */ = {isa = PBXFileReference; lastKnownFileType = sourcecode.cpp.objcpp; name = include_juce_audio_processors.mm; path = ../../JuceLibraryCode/include_juce_audio_processors.mm; sourceTree = SOURCE_ROOT; };
		D4A05F3468E05C38A87192E1 /* include_juce_gui_extra.mm */ /* include_juce_gui_extra.mm */ = {isa = PBXFileReference; lastKnownFileType = sourcecode.cpp.objcpp; name = include_juce_gui_extra.mm; path = ../../JuceLibraryCode/include_juce_gui_extra.mm; sourceTree = SOURCE_ROOT; };
		D9EFB58646CD0445BCA28817 /* juce_core */ /* juce_core */ = {isa = PBXFileReference; lastKnownFileType = folder; name = juce_core; path = /Users/landonviator/Documents/GitHub/JUCE/modules/juce_core; sourceTree = "<absolute>"; };
		DABB4A908FB5E728F1129475 /* VST3 */ = {isa = PBXFileReference; explicitFileType = wrapper.cfbundle; includeInIndex = 0; path = "Hermes Voice EQ.vst3"; sourceTree = BUILT_PRODUCTS_DIR; };
		DB3C6752C72573478BC637AA /* Foundation.framework */ /* Foundation.framework */ = {isa = PBXFileReference; lastKnownFileType = wrapper.framework; name = Foundation.framework; path = System/Library/Frameworks/Foundation.framework; sourceTree = SDKROOT; };
		DBFCA30D067FA2F3722D749A /* include_juce_audio_plugin_client_utils.cpp */ /* include_juce_audio_plugin_client_utils.cpp */ = {isa = PBXFileReference; lastKnownFileType = sourcecode.cpp.cpp; name = include_juce_audio_plugin_client_utils.cpp; path = ../../JuceLibraryCode/include_juce_audio_plugin_client_utils.cpp; sourceTree = SOURCE_ROOT; };
		E562E6D2A0C43C71055EAC2A /* include_juce_audio_devices.mm */ /* include_juce_audio_devices.mm */ = {isa = PBXFileReference; lastKnownFileType = sourcecode.cpp.objcpp; name = include_juce_audio_devices.mm; path = ../../JuceLibraryCode/include_juce_audio_devices.mm; sourceTree = SOURCE_ROOT; };
		E906390622DF7C4A7A6496BD /* IOKit.framework */ /* IOKit.framework */ = {isa = PBXFileReference; lastKnownFileType = wrapper.framework; name = IOKit.framework; path = System/Library/Frameworks/IOKit.framework; sourceTree = SDKROOT; };
		F1BAB199DB542B8FEAD331B2 /* Info-AU.plist */ /* Info-AU.plist */ = {isa = PBXFileReference; lastKnownFileType = text.plist.xml; name = "Info-AU.plist"; path = "Info-AU.plist"; sourceTree = SOURCE_ROOT; };
		F3D37491CB50FEB2752A4F8B /* PluginEditor.h */ /* PluginEditor.h */ = {isa = PBXFileReference; lastKnownFileType = sourcecode.c.h; name = PluginEditor.h; path = ../../Source/PluginEditor.h; sourceTree = SOURCE_ROOT; };
		FDACAB52CC19052ED7EE6D62 /* PluginProcessor.cpp */ /* PluginProcessor.cpp */ = {isa = PBXFileReference; lastKnownFileType = sourcecode.cpp.cpp; name = PluginProcessor.cpp; path = ../../Source/PluginProcessor.cpp; sourceTree = SOURCE_ROOT; };
/* End PBXFileReference section */

/* Begin PBXFrameworksBuildPhase section */
		30BBB662ED4274E7EA4EA3C7 = {
			isa = PBXFrameworksBuildPhase;
			buildActionMask = 2147483647;
			files = (
				3C5519DD18B58C29E4524F2E,
				DD71D8AB6646BF4690CEABFC,
				F78F4C49BB71FDBE15FB4E37,
				994E1DF9D1C30370751B4675,
				9319D70F95A07868502D2FC7,
				5B7088B40C725E946E2E23FE,
				A564011BE43197EDFF4BC34F,
				95BF11B1444255B97739D2F9,
				B095BD7FB9A8332B94C2874A,
				E4C98996983BD56EA981B36B,
				70FD65AB170599F68EA1006B,
				1B3032D071400546F897F8B6,
			);
			runOnlyForDeploymentPostprocessing = 0;
		};
		63BF601C1ED859FC60970374 = {
			isa = PBXFrameworksBuildPhase;
			buildActionMask = 2147483647;
			files = (
				DD71D8AB6646BF4690CEABFC,
				F78F4C49BB71FDBE15FB4E37,
				994E1DF9D1C30370751B4675,
				9319D70F95A07868502D2FC7,
				5B7088B40C725E946E2E23FE,
				A564011BE43197EDFF4BC34F,
				95BF11B1444255B97739D2F9,
				B095BD7FB9A8332B94C2874A,
				E4C98996983BD56EA981B36B,
				70FD65AB170599F68EA1006B,
				1B3032D071400546F897F8B6,
			);
			runOnlyForDeploymentPostprocessing = 0;
		};
		6D428B2D0E55B9BCA59FD700 = {
			isa = PBXFrameworksBuildPhase;
			buildActionMask = 2147483647;
			files = (
				DD71D8AB6646BF4690CEABFC,
				F78F4C49BB71FDBE15FB4E37,
				994E1DF9D1C30370751B4675,
				9319D70F95A07868502D2FC7,
				5B7088B40C725E946E2E23FE,
				A564011BE43197EDFF4BC34F,
				95BF11B1444255B97739D2F9,
				B095BD7FB9A8332B94C2874A,
				E4C98996983BD56EA981B36B,
				70FD65AB170599F68EA1006B,
				1B3032D071400546F897F8B6,
			);
			runOnlyForDeploymentPostprocessing = 0;
		};
/* End PBXFrameworksBuildPhase section */

/* Begin PBXGroup section */
		05815ACD8E5C166EC6BDE6DF /* Resources */ = {
			isa = PBXGroup;
			children = (
				A478B24C2FAF88B7EC49D3D7,
				F1BAB199DB542B8FEAD331B2,
				BD0C2F8F10FA062703441FB1,
				A168874BE02B9303EF901CC3,
			);
			name = Resources;
			sourceTree = "<group>";
		};
		2AF9AB235DA3D57B3C30C57A /* Products */ = {
			isa = PBXGroup;
			children = (
				DABB4A908FB5E728F1129475,
				CA77BA29F81AA45CE2EECFC6,
				A45B6785CC64FABE5D9BEF90,
				8326487E2515A41495B22481,
			);
			name = Products;
			sourceTree = "<group>";
		};
		3CFF596BEFAE09F8A345E53A /* JUCE Library Code */ = {
			isa = PBXGroup;
			children = (
				8D6F1B0D81CFE60029CCB52E,
				E562E6D2A0C43C71055EAC2A,
				430E8CC342DC474724C260EE,
				4EC1B76483E29EED8AAD83B8,
				AEBBFB8F3265EE38B93247A7,
				A09E9C0601080F7C227AF1A5,
				9DF3DA2580EDFDC36555A4B4,
				DBFCA30D067FA2F3722D749A,
				9EBF3123FF8210CF3AD0D36A,
				6D8388B64DE8886BFE8EFD7E,
				D414BEA62E718AD4EB7E69C7,
				0EBB96BF3EA4AB7BA3C29369,
				80D20C7C1F50E306821718AB,
				37BBD0E47473A5A51F37E630,
				2C511AC6D6D43AC260D4A300,
				702391931F96A35FD5A2A134,
				3B053D3EB2AB71E05207655D,
				CAD733D520C3FA539AD62A74,
				2E4A2ED99961E2523B066660,
				B63DD61EB14CD12D02FA3EB0,
				D4A05F3468E05C38A87192E1,
				8026C2C41EDBCECFEF97DCE6,
				CF9E539A78078F0850FF6087,
			);
			name = "JUCE Library Code";
			sourceTree = "<group>";
		};
		509F4CFE941F501B040B8220 /* Frameworks */ = {
			isa = PBXGroup;
			children = (
				11A7E20A36E3066DFF14CD6F,
				47E33B555F00B90EED158AF8,
				BDC994B7A389A9E7A00E56EB,
				97D929AC7A610894EABB3408,
				77535CFF3E395CB06411C94B,
				930E6A492EDA7C12A041134B,
				40B8DED10380F3EE51A879EB,
				0F60E01E7BCFDEE0478A2BA9,
				DB3C6752C72573478BC637AA,
				E906390622DF7C4A7A6496BD,
				AFCF0DFB4DEE4317E6FFD700,
				80E4DD41D38F3B38FFA203DA,
			);
			name = Frameworks;
			sourceTree = "<group>";
		};
		548731540269F9A70C1E86C2 /* Hermes Voice EQ */ = {
			isa = PBXGroup;
			children = (
				DDA6A425B89AE8BD91278DF9,
			);
			name = "Hermes Voice EQ";
			sourceTree = "<group>";
		};
		B0A7C02F8BBF5F768D8CEDDD /* JUCE Modules */ = {
			isa = PBXGroup;
			children = (
				608263C4CBC04A849D843DAF,
				B568EF9C64926DE5CF0FBC52,
				1ADFF794708675A6C0692211,
				3D702595D31837D396E74AA5,
				BCD265936DF85E573B9A2A6D,
				A0E2AB09F1FFDB60EE50330C,
				D9EFB58646CD0445BCA28817,
				7A803A919FDD3A54A43BAACE,
				70666F82B7095AA19A8BCE5C,
				C1067E290179D95743AC0835,
				82341551BD872848C215E23B,
				840E71AB71850BB7F35BDE25,
				0F1ED23E5E0C467D7398EBA0,
			);
			name = "JUCE Modules";
			sourceTree = "<group>";
		};
		B62DE9AEA8E1F86E3A5C79D3 /* Components */ = {
			isa = PBXGroup;
			children = (
				971D64B05A242641F5E29736,
				459E2B225F7A8C17DAEDE09B,
				8C614E2CA4C03862FE245360,
				4F7C20069D6D2C73BF9B0F19,
			);
			name = Components;
			sourceTree = "<group>";
		};
		BE3723AC45E69030C417F928 /* Globals */ = {
			isa = PBXGroup;
			children = (
				CD4703AAF3BD4E65CA684374,
				8035E76CD869EB1DF090EE32,
			);
			name = Globals;
			sourceTree = "<group>";
		};
		C3465E6D3D30A26A865DA7EC /* LAF */ = {
			isa = PBXGroup;
			children = (
				998E1C7DB97F550FEF97344D,
				CB2A076B7A09F23B0B3C504D,
			);
			name = LAF;
			sourceTree = "<group>";
		};
		CA4A3C6419C2606AE2D55AA4 /* Source */ = {
			isa = PBXGroup;
			children = (
				548731540269F9A70C1E86C2,
				B0A7C02F8BBF5F768D8CEDDD,
				3CFF596BEFAE09F8A345E53A,
				05815ACD8E5C166EC6BDE6DF,
				509F4CFE941F501B040B8220,
				2AF9AB235DA3D57B3C30C57A,
			);
			name = Source;
			sourceTree = "<group>";
		};
		D06303F39C59AB9DCBFD6876 /* DSP */ = {
			isa = PBXGroup;
			children = (
				50DB4A76126C8E0C5DFB8A60,
				333A684717FA8315E59D10D1,
			);
			name = DSP;
			sourceTree = "<group>";
		};
		DDA6A425B89AE8BD91278DF9 /* Source */ = {
			isa = PBXGroup;
			children = (
				D06303F39C59AB9DCBFD6876,
				C3465E6D3D30A26A865DA7EC,
				F398CBE565FFA02326E0E1E7,
				B62DE9AEA8E1F86E3A5C79D3,
				BE3723AC45E69030C417F928,
				FDACAB52CC19052ED7EE6D62,
				3F43EC0FDB413367BFD938B5,
				394187BCCCA31E2BB54A1603,
				F3D37491CB50FEB2752A4F8B,
			);
			name = Source;
			sourceTree = "<group>";
		};
		F398CBE565FFA02326E0E1E7 /* Widgets */ = {
			isa = PBXGroup;
			children = (
				7312382E6A2C013D168E9A90,
				3FFC735B7DA0B6357E15F507,
			);
			name = Widgets;
			sourceTree = "<group>";
		};
/* End PBXGroup section */

/* Begin PBXNativeTarget section */
		3CF651CD6562D29E589BE020 /* Hermes Voice EQ - AU */ = {
			isa = PBXNativeTarget;
			buildConfigurationList = 7B752249634CA9B86BF12E64;
			buildPhases = (
				39EDFCA7CACD5E75532F97F9,
				DEEED951A445CD77C62EB27F,
				30BBB662ED4274E7EA4EA3C7,
			);
			buildRules = (
			);
			dependencies = (
				0FCD548462964A2E57A01D81,
			);
			name = "Hermes Voice EQ - AU";
			productName = "Hermes Voice EQ";
			productReference = CA77BA29F81AA45CE2EECFC6;
			productType = "com.apple.product-type.bundle";
		};
		E063D0F4A74A05255380A58F /* Hermes Voice EQ - VST3 */ = {
			isa = PBXNativeTarget;
			buildConfigurationList = DA4B13F0A82F0348F0FABC51;
			buildPhases = (
				4A5E285F8B85952BEB6253F9,
				75C7C0800D65BF2F2909BE25,
				6D428B2D0E55B9BCA59FD700,
			);
			buildRules = (
			);
			dependencies = (
				3F24207B0D61D605F77A2F32,
			);
			name = "Hermes Voice EQ - VST3";
			productName = "Hermes Voice EQ";
			productReference = DABB4A908FB5E728F1129475;
			productType = "com.apple.product-type.bundle";
		};
		E27B1AF3F665EB9FE026E2A6 /* Hermes Voice EQ - Shared Code */ = {
			isa = PBXNativeTarget;
			buildConfigurationList = 5AA5CBB4D03B3B53715A04BF;
			buildPhases = (
				F381AB0CF4C00542EDC25CFB,
			);
			buildRules = (
			);
			dependencies = (
			);
			name = "Hermes Voice EQ - Shared Code";
			productName = "Hermes Voice EQ";
			productReference = 8326487E2515A41495B22481;
			productType = "com.apple.product-type.library.static";
		};
		E411FBFF4BEA83EC2860D48C /* Hermes Voice EQ - Standalone Plugin */ = {
			isa = PBXNativeTarget;
			buildConfigurationList = FD77F0F7906256630E3832B2;
			buildPhases = (
				4FB35402A78CD48A7DD375E4,
				73AE7B8AAFCFD84F618B8A7D,
				63BF601C1ED859FC60970374,
			);
			buildRules = (
			);
			dependencies = (
				912CA383662A1910A1B0DF5B,
			);
			name = "Hermes Voice EQ - Standalone Plugin";
			productName = "Hermes Voice EQ";
			productReference = A45B6785CC64FABE5D9BEF90;
			productType = "com.apple.product-type.application";
		};
/* End PBXNativeTarget section */

/* Begin PBXProject section */
		4CCCBE531616FE4E93858E3A = {
			isa = PBXProject;
			attributes = {
				LastUpgradeCheck = 1340;
				ORGANIZATIONNAME = "Viator DSP ";
				TargetAttributes = {
					3CF651CD6562D29E589BE020 = {
						SystemCapabilities = {
							com.apple.ApplicationGroups.iOS = {
								enabled = 0;
							};
							com.apple.HardenedRuntime = {
								enabled = 0;
							};
							com.apple.InAppPurchase = {
								enabled = 0;
							};
							com.apple.InterAppAudio = {
								enabled = 0;
							};
							com.apple.Push = {
								enabled = 0;
							};
							com.apple.Sandbox = {
								enabled = 0;
							};
						};
					};
					D9C784888DA843AA5883D402 = {
						SystemCapabilities = {
							com.apple.ApplicationGroups.iOS = {
								enabled = 0;
							};
							com.apple.HardenedRuntime = {
								enabled = 0;
							};
							com.apple.InAppPurchase = {
								enabled = 0;
							};
							com.apple.InterAppAudio = {
								enabled = 0;
							};
							com.apple.Push = {
								enabled = 0;
							};
							com.apple.Sandbox = {
								enabled = 0;
							};
						};
					};
					E063D0F4A74A05255380A58F = {
						SystemCapabilities = {
							com.apple.ApplicationGroups.iOS = {
								enabled = 0;
							};
							com.apple.HardenedRuntime = {
								enabled = 0;
							};
							com.apple.InAppPurchase = {
								enabled = 0;
							};
							com.apple.InterAppAudio = {
								enabled = 0;
							};
							com.apple.Push = {
								enabled = 0;
							};
							com.apple.Sandbox = {
								enabled = 0;
							};
						};
					};
					E27B1AF3F665EB9FE026E2A6 = {
						SystemCapabilities = {
							com.apple.ApplicationGroups.iOS = {
								enabled = 0;
							};
							com.apple.HardenedRuntime = {
								enabled = 0;
							};
							com.apple.InAppPurchase = {
								enabled = 0;
							};
							com.apple.InterAppAudio = {
								enabled = 0;
							};
							com.apple.Push = {
								enabled = 0;
							};
							com.apple.Sandbox = {
								enabled = 0;
							};
						};
					};
					E411FBFF4BEA83EC2860D48C = {
						SystemCapabilities = {
							com.apple.ApplicationGroups.iOS = {
								enabled = 0;
							};
							com.apple.HardenedRuntime = {
								enabled = 0;
							};
							com.apple.InAppPurchase = {
								enabled = 0;
							};
							com.apple.InterAppAudio = {
								enabled = 0;
							};
							com.apple.Push = {
								enabled = 0;
							};
							com.apple.Sandbox = {
								enabled = 0;
							};
						};
					};
				};
			};
			buildConfigurationList = 544D4BD1819AD23D6BCFEF47;
			compatibilityVersion = "Xcode 3.2";
			hasScannedForEncodings = 0;
			knownRegions = (
				en,
				Base,
			);
			mainGroup = CA4A3C6419C2606AE2D55AA4;
			projectDirPath = "";
			projectRoot = "";
			targets = (
				D9C784888DA843AA5883D402,
				E063D0F4A74A05255380A58F,
				3CF651CD6562D29E589BE020,
				E411FBFF4BEA83EC2860D48C,
				E27B1AF3F665EB9FE026E2A6,
			);
		};
/* End PBXProject section */

/* Begin PBXResourcesBuildPhase section */
		39EDFCA7CACD5E75532F97F9 = {
			isa = PBXResourcesBuildPhase;
			buildActionMask = 2147483647;
			files = (
				8019611E05EF690F8234BC5D,
			);
			runOnlyForDeploymentPostprocessing = 0;
		};
		4A5E285F8B85952BEB6253F9 = {
			isa = PBXResourcesBuildPhase;
			buildActionMask = 2147483647;
			files = (
				8019611E05EF690F8234BC5D,
			);
			runOnlyForDeploymentPostprocessing = 0;
		};
		4FB35402A78CD48A7DD375E4 = {
			isa = PBXResourcesBuildPhase;
			buildActionMask = 2147483647;
			files = (
				8019611E05EF690F8234BC5D,
			);
			runOnlyForDeploymentPostprocessing = 0;
		};
/* End PBXResourcesBuildPhase section */

/* Begin PBXSourcesBuildPhase section */
		73AE7B8AAFCFD84F618B8A7D = {
			isa = PBXSourcesBuildPhase;
			buildActionMask = 2147483647;
			files = (
				0C5B1FBB79B19DE312DFAF34,
			);
			runOnlyForDeploymentPostprocessing = 0;
		};
		75C7C0800D65BF2F2909BE25 = {
			isa = PBXSourcesBuildPhase;
			buildActionMask = 2147483647;
			files = (
				8A64DA9DCCF29BDD1B733DC9,
			);
			runOnlyForDeploymentPostprocessing = 0;
		};
		DEEED951A445CD77C62EB27F = {
			isa = PBXSourcesBuildPhase;
			buildActionMask = 2147483647;
			files = (
				A47C28CF7378D0CB9891EE1D,
				8DE9A149FACB2ADB6E5A2330,
			);
			runOnlyForDeploymentPostprocessing = 0;
		};
		F381AB0CF4C00542EDC25CFB = {
			isa = PBXSourcesBuildPhase;
			buildActionMask = 2147483647;
			files = (
				D38B6B4BA535A25379260B55,
				DD45CD427C2F9F6E0C88FD8E,
				4E95C1B70CD296BAE9D33704,
				911E9A8A6E77C553F222DFB8,
				50AC19FC66EAFA2305E76A02,
				AE1EC242C91AAFC3749BDA40,
				A858415A72578060A9066198,
				35B10CEE2F3523091C8B8A70,
				98A31144F09FF08C8204A028,
				C746797F7E7C8B1E27185FA9,
				71560FC4F1960FFAF347D033,
				8F01B9360B25319C3A678E39,
				E2A0D225AAD1800829488E4F,
				25E7253D92FEF22E5712F7A5,
				581F5769C34F3E95F94523DC,
				DF0C0E6965FA4263D0C57EFD,
				C8090D7406064460F059B365,
				2E38AC3479A9FA8E38739260,
				956DD8DF0337C43E7C3D12AA,
				A005B064CCC728975E12EB0A,
				63825B1A7A3BBACEC1EB5DA2,
				5EFC482AC556E2451B075E71,
				06E689C4415C38C35713EDD4,
				CF199E81342E3A3F438B902B,
				FB8EEFBA881BCEF5CC73A5D9,
			);
			runOnlyForDeploymentPostprocessing = 0;
		};
/* End PBXSourcesBuildPhase section */

/* Begin PBXTargetDependency section */
		05B17DD6F0303E9F1406F8E7 = {
			isa = PBXTargetDependency;
			target = E063D0F4A74A05255380A58F;
		};
		0FCD548462964A2E57A01D81 = {
			isa = PBXTargetDependency;
			target = E27B1AF3F665EB9FE026E2A6;
		};
		2644B24EFF51F5CD87CA3777 = {
			isa = PBXTargetDependency;
			target = 3CF651CD6562D29E589BE020;
		};
		3F24207B0D61D605F77A2F32 = {
			isa = PBXTargetDependency;
			target = E27B1AF3F665EB9FE026E2A6;
		};
		4831F21F4F8E1FE1C5CADC14 = {
			isa = PBXTargetDependency;
			target = E27B1AF3F665EB9FE026E2A6;
		};
		912CA383662A1910A1B0DF5B = {
			isa = PBXTargetDependency;
			target = E27B1AF3F665EB9FE026E2A6;
		};
		C71E8BEF54CD55F2C6808768 = {
			isa = PBXTargetDependency;
			target = E411FBFF4BEA83EC2860D48C;
		};
/* End PBXTargetDependency section */

/* Begin XCBuildConfiguration section */
		2887CA5A7AA36E4AA9DAADE7 /* Release */ = {
			isa = XCBuildConfiguration;
			buildSettings = {
				CLANG_CXX_LANGUAGE_STANDARD = "c++17";
				CLANG_CXX_LIBRARY = "libc++";
				CLANG_LINK_OBJC_RUNTIME = NO;
				COMBINE_HIDPI_IMAGES = YES;
				CONFIGURATION_BUILD_DIR = "$(PROJECT_DIR)/build/$(CONFIGURATION)";
				DEAD_CODE_STRIPPING = YES;
				EXCLUDED_ARCHS = "";
				GCC_GENERATE_DEBUGGING_SYMBOLS = NO;
				GCC_OPTIMIZATION_LEVEL = 3;
				GCC_PREPROCESSOR_DEFINITIONS = (
					"_NDEBUG=1",
					"NDEBUG=1",
					"JUCE_DISPLAY_SPLASH_SCREEN=0",
					"JUCE_USE_DARK_SPLASH_SCREEN=1",
					"JUCE_PROJUCER_VERSION=0x70005",
					"JUCE_MODULE_AVAILABLE_juce_audio_basics=1",
					"JUCE_MODULE_AVAILABLE_juce_audio_devices=1",
					"JUCE_MODULE_AVAILABLE_juce_audio_formats=1",
					"JUCE_MODULE_AVAILABLE_juce_audio_plugin_client=1",
					"JUCE_MODULE_AVAILABLE_juce_audio_processors=1",
					"JUCE_MODULE_AVAILABLE_juce_audio_utils=1",
					"JUCE_MODULE_AVAILABLE_juce_core=1",
					"JUCE_MODULE_AVAILABLE_juce_data_structures=1",
					"JUCE_MODULE_AVAILABLE_juce_dsp=1",
					"JUCE_MODULE_AVAILABLE_juce_events=1",
					"JUCE_MODULE_AVAILABLE_juce_graphics=1",
					"JUCE_MODULE_AVAILABLE_juce_gui_basics=1",
					"JUCE_MODULE_AVAILABLE_juce_gui_extra=1",
					"JUCE_GLOBAL_MODULE_SETTINGS_INCLUDED=1",
					"JUCE_VST3_CAN_REPLACE_VST2=0",
					"JUCE_STRICT_REFCOUNTEDPOINTER=1",
					"JucePlugin_Build_VST=0",
					"JucePlugin_Build_VST3=0",
					"JucePlugin_Build_AU=0",
					"JucePlugin_Build_AUv3=0",
					"JucePlugin_Build_AAX=0",
					"JucePlugin_Build_Standalone=1",
					"JucePlugin_Build_Unity=0",
					"JucePlugin_Build_LV2=0",
					"JucePlugin_Enable_IAA=0",
					"JucePlugin_Enable_ARA=0",
					"JucePlugin_Name=\\\"Hermes\\ Voice\\ EQ\\\"",
					"JucePlugin_Desc=\\\"Hermes\\ Voice\\ EQ\\\"",
					"JucePlugin_Manufacturer=\\\"Viator\\ DSP\\ \\\"",
					"JucePlugin_ManufacturerWebsite=\\\"https://www.patreon.com/ViatorDSP\\\"",
					"JucePlugin_ManufacturerEmail=\\\"viatordsp@gmail.com\\\"",
					"JucePlugin_ManufacturerCode=0x4d616e75",
					"JucePlugin_PluginCode=0x41753779",
					"JucePlugin_IsSynth=0",
					"JucePlugin_WantsMidiInput=0",
					"JucePlugin_ProducesMidiOutput=0",
					"JucePlugin_IsMidiEffect=0",
					"JucePlugin_EditorRequiresKeyboardFocus=0",
					"JucePlugin_Version=1.0.0",
					"JucePlugin_VersionCode=0x10000",
					"JucePlugin_VersionString=\\\"1.0.0\\\"",
					"JucePlugin_VSTUniqueID=JucePlugin_PluginCode",
					"JucePlugin_VSTCategory=kPlugCategEffect",
					"JucePlugin_Vst3Category=\\\"Fx\\\"",
					"JucePlugin_AUMainType=\\'aufx\\'",
					"JucePlugin_AUSubType=JucePlugin_PluginCode",
					"JucePlugin_AUExportPrefix=HermesVoiceEQAU",
					"JucePlugin_AUExportPrefixQuoted=\\\"HermesVoiceEQAU\\\"",
					"JucePlugin_AUManufacturerCode=JucePlugin_ManufacturerCode",
					"JucePlugin_CFBundleIdentifier=com.ViatorDSP.HermesVoiceEQ",
					"JucePlugin_AAXIdentifier=com.ViatorDSP.HermesVoiceEQ",
					"JucePlugin_AAXManufacturerCode=JucePlugin_ManufacturerCode",
					"JucePlugin_AAXProductId=JucePlugin_PluginCode",
					"JucePlugin_AAXCategory=0",
					"JucePlugin_AAXDisableBypass=0",
					"JucePlugin_AAXDisableMultiMono=0",
					"JucePlugin_IAAType=0x61757278",
					"JucePlugin_IAASubType=JucePlugin_PluginCode",
					"JucePlugin_IAAName=\\\"Viator\\ DSP\\ :\\ Hermes\\ Voice\\ EQ\\\"",
					"JucePlugin_VSTNumMidiInputs=16",
					"JucePlugin_VSTNumMidiOutputs=16",
					"JucePlugin_ARAContentTypes=0",
					"JucePlugin_ARATransformationFlags=0",
					"JucePlugin_ARAFactoryID=\\\"com.ViatorDSP.HermesVoiceEQ.factory\\\"",
					"JucePlugin_ARADocumentArchiveID=\\\"com.ViatorDSP.HermesVoiceEQ.aradocumentarchive.1.0.0\\\"",
					"JucePlugin_ARACompatibleArchiveIDs=\\\"\\\"",
					"JUCE_STANDALONE_APPLICATION=JucePlugin_Build_Standalone",
					"JUCER_XCODE_MAC_F6D2F4CF=1",
					"JUCE_APP_VERSION=1.0.0",
					"JUCE_APP_VERSION_HEX=0x10000",
				);
				GCC_VERSION = com.apple.compilers.llvm.clang.1_0;
				HEADER_SEARCH_PATHS = (
					"/Users/landonviator/Documents/GitHub/JUCE/modules/juce_audio_processors/format_types/VST3_SDK",
					"$(SRCROOT)/../../JuceLibraryCode",
					"/Users/landonviator/Documents/GitHub/JUCE/modules",
					"/Users/landonviator/Documents/GitHub/JUCE/modules/juce_audio_plugin_client/AU",
					"$(inherited)",
				);
				INFOPLIST_FILE = Info-Standalone_Plugin.plist;
				INFOPLIST_PREPROCESS = NO;
				LLVM_LTO = YES;
				MACOSX_DEPLOYMENT_TARGET = 10.13;
				MTL_HEADER_SEARCH_PATHS = "/Users/landonviator/Documents/GitHub/JUCE/modules/juce_audio_processors/format_types/VST3_SDK $(SRCROOT)/../../JuceLibraryCode /Users/landonviator/Documents/GitHub/JUCE/modules /Users/landonviator/Documents/GitHub/JUCE/modules/juce_audio_plugin_client/AU";
				OTHER_LDFLAGS = "-lHermes\\ Voice\\ EQ -weak_framework Metal -weak_framework MetalKit";
				PRODUCT_BUNDLE_IDENTIFIER = com.ViatorDSP.HermesVoiceEQ;
				PRODUCT_NAME = "Hermes Voice EQ";
				USE_HEADERMAP = NO;
				VALID_ARCHS = "i386 x86_64 arm64 arm64e";
			};
			name = Release;
		};
		2AE8A094FB6261498ED87EA4 /* Debug */ = {
			isa = XCBuildConfiguration;
			buildSettings = {
				CLANG_CXX_LANGUAGE_STANDARD = "c++17";
				CLANG_CXX_LIBRARY = "libc++";
				CLANG_LINK_OBJC_RUNTIME = NO;
				COMBINE_HIDPI_IMAGES = YES;
				CONFIGURATION_BUILD_DIR = "$(PROJECT_DIR)/build/$(CONFIGURATION)";
				COPY_PHASE_STRIP = NO;
				EXCLUDED_ARCHS = "";
				GCC_DYNAMIC_NO_PIC = NO;
				GCC_OPTIMIZATION_LEVEL = 0;
				GCC_PREPROCESSOR_DEFINITIONS = (
					"_DEBUG=1",
					"DEBUG=1",
					"JUCE_DISPLAY_SPLASH_SCREEN=0",
					"JUCE_USE_DARK_SPLASH_SCREEN=1",
					"JUCE_PROJUCER_VERSION=0x70005",
					"JUCE_MODULE_AVAILABLE_juce_audio_basics=1",
					"JUCE_MODULE_AVAILABLE_juce_audio_devices=1",
					"JUCE_MODULE_AVAILABLE_juce_audio_formats=1",
					"JUCE_MODULE_AVAILABLE_juce_audio_plugin_client=1",
					"JUCE_MODULE_AVAILABLE_juce_audio_processors=1",
					"JUCE_MODULE_AVAILABLE_juce_audio_utils=1",
					"JUCE_MODULE_AVAILABLE_juce_core=1",
					"JUCE_MODULE_AVAILABLE_juce_data_structures=1",
					"JUCE_MODULE_AVAILABLE_juce_dsp=1",
					"JUCE_MODULE_AVAILABLE_juce_events=1",
					"JUCE_MODULE_AVAILABLE_juce_graphics=1",
					"JUCE_MODULE_AVAILABLE_juce_gui_basics=1",
					"JUCE_MODULE_AVAILABLE_juce_gui_extra=1",
					"JUCE_GLOBAL_MODULE_SETTINGS_INCLUDED=1",
					"JUCE_VST3_CAN_REPLACE_VST2=0",
					"JUCE_STRICT_REFCOUNTEDPOINTER=1",
					"JucePlugin_Build_VST=0",
					"JucePlugin_Build_VST3=0",
					"JucePlugin_Build_AU=0",
					"JucePlugin_Build_AUv3=0",
					"JucePlugin_Build_AAX=0",
					"JucePlugin_Build_Standalone=1",
					"JucePlugin_Build_Unity=0",
					"JucePlugin_Build_LV2=0",
					"JucePlugin_Enable_IAA=0",
					"JucePlugin_Enable_ARA=0",
					"JucePlugin_Name=\\\"Hermes\\ Voice\\ EQ\\\"",
					"JucePlugin_Desc=\\\"Hermes\\ Voice\\ EQ\\\"",
					"JucePlugin_Manufacturer=\\\"Viator\\ DSP\\ \\\"",
					"JucePlugin_ManufacturerWebsite=\\\"https://www.patreon.com/ViatorDSP\\\"",
					"JucePlugin_ManufacturerEmail=\\\"viatordsp@gmail.com\\\"",
					"JucePlugin_ManufacturerCode=0x4d616e75",
					"JucePlugin_PluginCode=0x41753779",
					"JucePlugin_IsSynth=0",
					"JucePlugin_WantsMidiInput=0",
					"JucePlugin_ProducesMidiOutput=0",
					"JucePlugin_IsMidiEffect=0",
					"JucePlugin_EditorRequiresKeyboardFocus=0",
					"JucePlugin_Version=1.0.0",
					"JucePlugin_VersionCode=0x10000",
					"JucePlugin_VersionString=\\\"1.0.0\\\"",
					"JucePlugin_VSTUniqueID=JucePlugin_PluginCode",
					"JucePlugin_VSTCategory=kPlugCategEffect",
					"JucePlugin_Vst3Category=\\\"Fx\\\"",
					"JucePlugin_AUMainType=\\'aufx\\'",
					"JucePlugin_AUSubType=JucePlugin_PluginCode",
					"JucePlugin_AUExportPrefix=HermesVoiceEQAU",
					"JucePlugin_AUExportPrefixQuoted=\\\"HermesVoiceEQAU\\\"",
					"JucePlugin_AUManufacturerCode=JucePlugin_ManufacturerCode",
					"JucePlugin_CFBundleIdentifier=com.ViatorDSP.HermesVoiceEQ",
					"JucePlugin_AAXIdentifier=com.ViatorDSP.HermesVoiceEQ",
					"JucePlugin_AAXManufacturerCode=JucePlugin_ManufacturerCode",
					"JucePlugin_AAXProductId=JucePlugin_PluginCode",
					"JucePlugin_AAXCategory=0",
					"JucePlugin_AAXDisableBypass=0",
					"JucePlugin_AAXDisableMultiMono=0",
					"JucePlugin_IAAType=0x61757278",
					"JucePlugin_IAASubType=JucePlugin_PluginCode",
					"JucePlugin_IAAName=\\\"Viator\\ DSP\\ :\\ Hermes\\ Voice\\ EQ\\\"",
					"JucePlugin_VSTNumMidiInputs=16",
					"JucePlugin_VSTNumMidiOutputs=16",
					"JucePlugin_ARAContentTypes=0",
					"JucePlugin_ARATransformationFlags=0",
					"JucePlugin_ARAFactoryID=\\\"com.ViatorDSP.HermesVoiceEQ.factory\\\"",
					"JucePlugin_ARADocumentArchiveID=\\\"com.ViatorDSP.HermesVoiceEQ.aradocumentarchive.1.0.0\\\"",
					"JucePlugin_ARACompatibleArchiveIDs=\\\"\\\"",
					"JUCE_STANDALONE_APPLICATION=JucePlugin_Build_Standalone",
					"JUCER_XCODE_MAC_F6D2F4CF=1",
					"JUCE_APP_VERSION=1.0.0",
					"JUCE_APP_VERSION_HEX=0x10000",
				);
				GCC_VERSION = com.apple.compilers.llvm.clang.1_0;
				HEADER_SEARCH_PATHS = (
					"/Users/landonviator/Documents/GitHub/JUCE/modules/juce_audio_processors/format_types/VST3_SDK",
					"$(SRCROOT)/../../JuceLibraryCode",
					"/Users/landonviator/Documents/GitHub/JUCE/modules",
					"/Users/landonviator/Documents/GitHub/JUCE/modules/juce_audio_plugin_client/AU",
					"$(inherited)",
				);
				INFOPLIST_FILE = Info-Standalone_Plugin.plist;
				INFOPLIST_PREPROCESS = NO;
				MACOSX_DEPLOYMENT_TARGET = 10.13;
				MTL_HEADER_SEARCH_PATHS = "/Users/landonviator/Documents/GitHub/JUCE/modules/juce_audio_processors/format_types/VST3_SDK $(SRCROOT)/../../JuceLibraryCode /Users/landonviator/Documents/GitHub/JUCE/modules /Users/landonviator/Documents/GitHub/JUCE/modules/juce_audio_plugin_client/AU";
				OTHER_LDFLAGS = "-lHermes\\ Voice\\ EQ -weak_framework Metal -weak_framework MetalKit";
				PRODUCT_BUNDLE_IDENTIFIER = com.ViatorDSP.HermesVoiceEQ;
				PRODUCT_NAME = "Hermes Voice EQ";
				USE_HEADERMAP = NO;
				VALID_ARCHS = "i386 x86_64 arm64 arm64e";
			};
			name = Debug;
		};
		32585CEB62CA0FA72D17A306 /* Debug */ = {
			isa = XCBuildConfiguration;
			buildSettings = {
				ALWAYS_SEARCH_USER_PATHS = NO;
				CLANG_ENABLE_OBJC_WEAK = YES;
				CLANG_WARN_BLOCK_CAPTURE_AUTORELEASING = YES;
				CLANG_WARN_BOOL_CONVERSION = YES;
				CLANG_WARN_COMMA = YES;
				CLANG_WARN_CONSTANT_CONVERSION = YES;
				CLANG_WARN_DEPRECATED_OBJC_IMPLEMENTATIONS = YES;
				CLANG_WARN_EMPTY_BODY = YES;
				CLANG_WARN_ENUM_CONVERSION = YES;
				CLANG_WARN_INFINITE_RECURSION = YES;
				CLANG_WARN_INT_CONVERSION = YES;
				CLANG_WARN_NON_LITERAL_NULL_CONVERSION = YES;
				CLANG_WARN_OBJC_IMPLICIT_RETAIN_SELF = YES;
				CLANG_WARN_OBJC_LITERAL_CONVERSION = YES;
				CLANG_WARN_RANGE_LOOP_ANALYSIS = YES;
				CLANG_WARN_STRICT_PROTOTYPES = YES;
				CLANG_WARN_SUSPICIOUS_MOVE = YES;
				CLANG_WARN_UNREACHABLE_CODE = YES;
				CLANG_WARN__DUPLICATE_METHOD_MATCH = YES;
				DEBUG_INFORMATION_FORMAT = dwarf;
				ENABLE_STRICT_OBJC_MSGSEND = YES;
				ENABLE_TESTABILITY = NO;
				GCC_C_LANGUAGE_STANDARD = c11;
				GCC_INLINES_ARE_PRIVATE_EXTERN = YES;
				GCC_MODEL_TUNING = G5;
				GCC_NO_COMMON_BLOCKS = YES;
				GCC_SYMBOLS_PRIVATE_EXTERN = YES;
				GCC_WARN_64_TO_32_BIT_CONVERSION = YES;
				GCC_WARN_ABOUT_RETURN_TYPE = YES;
				GCC_WARN_CHECK_SWITCH_STATEMENTS = YES;
				GCC_WARN_MISSING_PARENTHESES = YES;
				GCC_WARN_NON_VIRTUAL_DESTRUCTOR = YES;
				GCC_WARN_TYPECHECK_CALLS_TO_PRINTF = YES;
				GCC_WARN_UNDECLARED_SELECTOR = YES;
				GCC_WARN_UNINITIALIZED_AUTOS = YES;
				GCC_WARN_UNUSED_FUNCTION = YES;
				GCC_WARN_UNUSED_VARIABLE = YES;
				ONLY_ACTIVE_ARCH = YES;
				PRODUCT_NAME = "Hermes Voice EQ";
				SDKROOT = macosx;
				WARNING_CFLAGS = "-Wreorder";
				ZERO_LINK = NO;
			};
			name = Debug;
		};
		83F4AC4FB41EBED9A468D410 /* Release */ = {
			isa = XCBuildConfiguration;
			buildSettings = {
				CLANG_CXX_LANGUAGE_STANDARD = "c++17";
				CLANG_CXX_LIBRARY = "libc++";
				CLANG_LINK_OBJC_RUNTIME = NO;
				COMBINE_HIDPI_IMAGES = YES;
				CONFIGURATION_BUILD_DIR = "$(PROJECT_DIR)/build/$(CONFIGURATION)";
				DEAD_CODE_STRIPPING = YES;
				DEPLOYMENT_LOCATION = YES;
				DSTROOT = /;
				EXCLUDED_ARCHS = "";
				GCC_GENERATE_DEBUGGING_SYMBOLS = NO;
				GCC_OPTIMIZATION_LEVEL = 3;
				GCC_PREPROCESSOR_DEFINITIONS = (
					"_NDEBUG=1",
					"NDEBUG=1",
					"JUCE_DISPLAY_SPLASH_SCREEN=0",
					"JUCE_USE_DARK_SPLASH_SCREEN=1",
					"JUCE_PROJUCER_VERSION=0x70005",
					"JUCE_MODULE_AVAILABLE_juce_audio_basics=1",
					"JUCE_MODULE_AVAILABLE_juce_audio_devices=1",
					"JUCE_MODULE_AVAILABLE_juce_audio_formats=1",
					"JUCE_MODULE_AVAILABLE_juce_audio_plugin_client=1",
					"JUCE_MODULE_AVAILABLE_juce_audio_processors=1",
					"JUCE_MODULE_AVAILABLE_juce_audio_utils=1",
					"JUCE_MODULE_AVAILABLE_juce_core=1",
					"JUCE_MODULE_AVAILABLE_juce_data_structures=1",
					"JUCE_MODULE_AVAILABLE_juce_dsp=1",
					"JUCE_MODULE_AVAILABLE_juce_events=1",
					"JUCE_MODULE_AVAILABLE_juce_graphics=1",
					"JUCE_MODULE_AVAILABLE_juce_gui_basics=1",
					"JUCE_MODULE_AVAILABLE_juce_gui_extra=1",
					"JUCE_GLOBAL_MODULE_SETTINGS_INCLUDED=1",
					"JUCE_VST3_CAN_REPLACE_VST2=0",
					"JUCE_STRICT_REFCOUNTEDPOINTER=1",
					"JucePlugin_Build_VST=0",
					"JucePlugin_Build_VST3=1",
					"JucePlugin_Build_AU=0",
					"JucePlugin_Build_AUv3=0",
					"JucePlugin_Build_AAX=0",
					"JucePlugin_Build_Standalone=0",
					"JucePlugin_Build_Unity=0",
					"JucePlugin_Build_LV2=0",
					"JucePlugin_Enable_IAA=0",
					"JucePlugin_Enable_ARA=0",
					"JucePlugin_Name=\\\"Hermes\\ Voice\\ EQ\\\"",
					"JucePlugin_Desc=\\\"Hermes\\ Voice\\ EQ\\\"",
					"JucePlugin_Manufacturer=\\\"Viator\\ DSP\\ \\\"",
					"JucePlugin_ManufacturerWebsite=\\\"https://www.patreon.com/ViatorDSP\\\"",
					"JucePlugin_ManufacturerEmail=\\\"viatordsp@gmail.com\\\"",
					"JucePlugin_ManufacturerCode=0x4d616e75",
					"JucePlugin_PluginCode=0x41753779",
					"JucePlugin_IsSynth=0",
					"JucePlugin_WantsMidiInput=0",
					"JucePlugin_ProducesMidiOutput=0",
					"JucePlugin_IsMidiEffect=0",
					"JucePlugin_EditorRequiresKeyboardFocus=0",
					"JucePlugin_Version=1.0.0",
					"JucePlugin_VersionCode=0x10000",
					"JucePlugin_VersionString=\\\"1.0.0\\\"",
					"JucePlugin_VSTUniqueID=JucePlugin_PluginCode",
					"JucePlugin_VSTCategory=kPlugCategEffect",
					"JucePlugin_Vst3Category=\\\"Fx\\\"",
					"JucePlugin_AUMainType=\\'aufx\\'",
					"JucePlugin_AUSubType=JucePlugin_PluginCode",
					"JucePlugin_AUExportPrefix=HermesVoiceEQAU",
					"JucePlugin_AUExportPrefixQuoted=\\\"HermesVoiceEQAU\\\"",
					"JucePlugin_AUManufacturerCode=JucePlugin_ManufacturerCode",
					"JucePlugin_CFBundleIdentifier=com.ViatorDSP.HermesVoiceEQ",
					"JucePlugin_AAXIdentifier=com.ViatorDSP.HermesVoiceEQ",
					"JucePlugin_AAXManufacturerCode=JucePlugin_ManufacturerCode",
					"JucePlugin_AAXProductId=JucePlugin_PluginCode",
					"JucePlugin_AAXCategory=0",
					"JucePlugin_AAXDisableBypass=0",
					"JucePlugin_AAXDisableMultiMono=0",
					"JucePlugin_IAAType=0x61757278",
					"JucePlugin_IAASubType=JucePlugin_PluginCode",
					"JucePlugin_IAAName=\\\"Viator\\ DSP\\ :\\ Hermes\\ Voice\\ EQ\\\"",
					"JucePlugin_VSTNumMidiInputs=16",
					"JucePlugin_VSTNumMidiOutputs=16",
					"JucePlugin_ARAContentTypes=0",
					"JucePlugin_ARATransformationFlags=0",
					"JucePlugin_ARAFactoryID=\\\"com.ViatorDSP.HermesVoiceEQ.factory\\\"",
					"JucePlugin_ARADocumentArchiveID=\\\"com.ViatorDSP.HermesVoiceEQ.aradocumentarchive.1.0.0\\\"",
					"JucePlugin_ARACompatibleArchiveIDs=\\\"\\\"",
					"JUCE_STANDALONE_APPLICATION=JucePlugin_Build_Standalone",
					"JUCER_XCODE_MAC_F6D2F4CF=1",
					"JUCE_APP_VERSION=1.0.0",
					"JUCE_APP_VERSION_HEX=0x10000",
				);
				GCC_VERSION = com.apple.compilers.llvm.clang.1_0;
				GENERATE_PKGINFO_FILE = YES;
				HEADER_SEARCH_PATHS = (
					"/Users/landonviator/Documents/GitHub/JUCE/modules/juce_audio_processors/format_types/VST3_SDK",
					"$(SRCROOT)/../../JuceLibraryCode",
					"/Users/landonviator/Documents/GitHub/JUCE/modules",
					"/Users/landonviator/Documents/GitHub/JUCE/modules/juce_audio_plugin_client/AU",
					"$(inherited)",
				);
				INFOPLIST_FILE = Info-VST3.plist;
				INFOPLIST_PREPROCESS = NO;
				INSTALL_PATH = "$(HOME)/Library/Audio/Plug-Ins/VST3/";
				LIBRARY_STYLE = Bundle;
				LLVM_LTO = YES;
				MACOSX_DEPLOYMENT_TARGET = 10.13;
				MTL_HEADER_SEARCH_PATHS = "/Users/landonviator/Documents/GitHub/JUCE/modules/juce_audio_processors/format_types/VST3_SDK $(SRCROOT)/../../JuceLibraryCode /Users/landonviator/Documents/GitHub/JUCE/modules /Users/landonviator/Documents/GitHub/JUCE/modules/juce_audio_plugin_client/AU";
				OTHER_LDFLAGS = "-bundle -lHermes\\ Voice\\ EQ -weak_framework Metal -weak_framework MetalKit";
				PRODUCT_BUNDLE_IDENTIFIER = com.ViatorDSP.HermesVoiceEQ;
				PRODUCT_NAME = "Hermes Voice EQ";
				USE_HEADERMAP = NO;
				VALID_ARCHS = "i386 x86_64 arm64 arm64e";
				WRAPPER_EXTENSION = vst3;
			};
			name = Release;
		};
		929F5A8632597337298DFD01 /* Debug */ = {
			isa = XCBuildConfiguration;
			buildSettings = {
				MACOSX_DEPLOYMENT_TARGET = 10.13;
				SDKROOT = macosx;
			};
			name = Debug;
		};
		953F0BAF03735884001AD7E7 /* Debug */ = {
			isa = XCBuildConfiguration;
			buildSettings = {
				CLANG_CXX_LANGUAGE_STANDARD = "c++17";
				CLANG_CXX_LIBRARY = "libc++";
				CLANG_LINK_OBJC_RUNTIME = NO;
				COMBINE_HIDPI_IMAGES = YES;
				CONFIGURATION_BUILD_DIR = "$(PROJECT_DIR)/build/$(CONFIGURATION)";
				COPY_PHASE_STRIP = NO;
				DEPLOYMENT_LOCATION = YES;
				DSTROOT = /;
				EXCLUDED_ARCHS = "";
				GCC_DYNAMIC_NO_PIC = NO;
				GCC_OPTIMIZATION_LEVEL = 0;
				GCC_PREPROCESSOR_DEFINITIONS = (
					"_DEBUG=1",
					"DEBUG=1",
					"JUCE_DISPLAY_SPLASH_SCREEN=0",
					"JUCE_USE_DARK_SPLASH_SCREEN=1",
					"JUCE_PROJUCER_VERSION=0x70005",
					"JUCE_MODULE_AVAILABLE_juce_audio_basics=1",
					"JUCE_MODULE_AVAILABLE_juce_audio_devices=1",
					"JUCE_MODULE_AVAILABLE_juce_audio_formats=1",
					"JUCE_MODULE_AVAILABLE_juce_audio_plugin_client=1",
					"JUCE_MODULE_AVAILABLE_juce_audio_processors=1",
					"JUCE_MODULE_AVAILABLE_juce_audio_utils=1",
					"JUCE_MODULE_AVAILABLE_juce_core=1",
					"JUCE_MODULE_AVAILABLE_juce_data_structures=1",
					"JUCE_MODULE_AVAILABLE_juce_dsp=1",
					"JUCE_MODULE_AVAILABLE_juce_events=1",
					"JUCE_MODULE_AVAILABLE_juce_graphics=1",
					"JUCE_MODULE_AVAILABLE_juce_gui_basics=1",
					"JUCE_MODULE_AVAILABLE_juce_gui_extra=1",
					"JUCE_GLOBAL_MODULE_SETTINGS_INCLUDED=1",
					"JUCE_VST3_CAN_REPLACE_VST2=0",
					"JUCE_STRICT_REFCOUNTEDPOINTER=1",
					"JucePlugin_Build_VST=0",
					"JucePlugin_Build_VST3=1",
					"JucePlugin_Build_AU=0",
					"JucePlugin_Build_AUv3=0",
					"JucePlugin_Build_AAX=0",
					"JucePlugin_Build_Standalone=0",
					"JucePlugin_Build_Unity=0",
					"JucePlugin_Build_LV2=0",
					"JucePlugin_Enable_IAA=0",
					"JucePlugin_Enable_ARA=0",
					"JucePlugin_Name=\\\"Hermes\\ Voice\\ EQ\\\"",
					"JucePlugin_Desc=\\\"Hermes\\ Voice\\ EQ\\\"",
					"JucePlugin_Manufacturer=\\\"Viator\\ DSP\\ \\\"",
					"JucePlugin_ManufacturerWebsite=\\\"https://www.patreon.com/ViatorDSP\\\"",
					"JucePlugin_ManufacturerEmail=\\\"viatordsp@gmail.com\\\"",
					"JucePlugin_ManufacturerCode=0x4d616e75",
					"JucePlugin_PluginCode=0x41753779",
					"JucePlugin_IsSynth=0",
					"JucePlugin_WantsMidiInput=0",
					"JucePlugin_ProducesMidiOutput=0",
					"JucePlugin_IsMidiEffect=0",
					"JucePlugin_EditorRequiresKeyboardFocus=0",
					"JucePlugin_Version=1.0.0",
					"JucePlugin_VersionCode=0x10000",
					"JucePlugin_VersionString=\\\"1.0.0\\\"",
					"JucePlugin_VSTUniqueID=JucePlugin_PluginCode",
					"JucePlugin_VSTCategory=kPlugCategEffect",
					"JucePlugin_Vst3Category=\\\"Fx\\\"",
					"JucePlugin_AUMainType=\\'aufx\\'",
					"JucePlugin_AUSubType=JucePlugin_PluginCode",
					"JucePlugin_AUExportPrefix=HermesVoiceEQAU",
					"JucePlugin_AUExportPrefixQuoted=\\\"HermesVoiceEQAU\\\"",
					"JucePlugin_AUManufacturerCode=JucePlugin_ManufacturerCode",
					"JucePlugin_CFBundleIdentifier=com.ViatorDSP.HermesVoiceEQ",
					"JucePlugin_AAXIdentifier=com.ViatorDSP.HermesVoiceEQ",
					"JucePlugin_AAXManufacturerCode=JucePlugin_ManufacturerCode",
					"JucePlugin_AAXProductId=JucePlugin_PluginCode",
					"JucePlugin_AAXCategory=0",
					"JucePlugin_AAXDisableBypass=0",
					"JucePlugin_AAXDisableMultiMono=0",
					"JucePlugin_IAAType=0x61757278",
					"JucePlugin_IAASubType=JucePlugin_PluginCode",
					"JucePlugin_IAAName=\\\"Viator\\ DSP\\ :\\ Hermes\\ Voice\\ EQ\\\"",
					"JucePlugin_VSTNumMidiInputs=16",
					"JucePlugin_VSTNumMidiOutputs=16",
					"JucePlugin_ARAContentTypes=0",
					"JucePlugin_ARATransformationFlags=0",
					"JucePlugin_ARAFactoryID=\\\"com.ViatorDSP.HermesVoiceEQ.factory\\\"",
					"JucePlugin_ARADocumentArchiveID=\\\"com.ViatorDSP.HermesVoiceEQ.aradocumentarchive.1.0.0\\\"",
					"JucePlugin_ARACompatibleArchiveIDs=\\\"\\\"",
					"JUCE_STANDALONE_APPLICATION=JucePlugin_Build_Standalone",
					"JUCER_XCODE_MAC_F6D2F4CF=1",
					"JUCE_APP_VERSION=1.0.0",
					"JUCE_APP_VERSION_HEX=0x10000",
				);
				GCC_VERSION = com.apple.compilers.llvm.clang.1_0;
				GENERATE_PKGINFO_FILE = YES;
				HEADER_SEARCH_PATHS = (
					"/Users/landonviator/Documents/GitHub/JUCE/modules/juce_audio_processors/format_types/VST3_SDK",
					"$(SRCROOT)/../../JuceLibraryCode",
					"/Users/landonviator/Documents/GitHub/JUCE/modules",
					"/Users/landonviator/Documents/GitHub/JUCE/modules/juce_audio_plugin_client/AU",
					"$(inherited)",
				);
				INFOPLIST_FILE = Info-VST3.plist;
				INFOPLIST_PREPROCESS = NO;
				INSTALL_PATH = "$(HOME)/Library/Audio/Plug-Ins/VST3/";
				LIBRARY_STYLE = Bundle;
				MACOSX_DEPLOYMENT_TARGET = 10.13;
				MTL_HEADER_SEARCH_PATHS = "/Users/landonviator/Documents/GitHub/JUCE/modules/juce_audio_processors/format_types/VST3_SDK $(SRCROOT)/../../JuceLibraryCode /Users/landonviator/Documents/GitHub/JUCE/modules /Users/landonviator/Documents/GitHub/JUCE/modules/juce_audio_plugin_client/AU";
				OTHER_LDFLAGS = "-bundle -lHermes\\ Voice\\ EQ -weak_framework Metal -weak_framework MetalKit";
				PRODUCT_BUNDLE_IDENTIFIER = com.ViatorDSP.HermesVoiceEQ;
				PRODUCT_NAME = "Hermes Voice EQ";
				USE_HEADERMAP = NO;
				VALID_ARCHS = "i386 x86_64 arm64 arm64e";
				WRAPPER_EXTENSION = vst3;
			};
			name = Debug;
		};
		981FDE3B876C375076453EE3 /* Debug */ = {
			isa = XCBuildConfiguration;
			buildSettings = {
				CLANG_CXX_LANGUAGE_STANDARD = "c++17";
				CLANG_CXX_LIBRARY = "libc++";
				CLANG_LINK_OBJC_RUNTIME = NO;
				COMBINE_HIDPI_IMAGES = YES;
				CONFIGURATION_BUILD_DIR = "$(PROJECT_DIR)/build/$(CONFIGURATION)";
				COPY_PHASE_STRIP = NO;
				DEPLOYMENT_LOCATION = YES;
				DSTROOT = /;
				EXCLUDED_ARCHS = "";
				GCC_DYNAMIC_NO_PIC = NO;
				GCC_OPTIMIZATION_LEVEL = 0;
				GCC_PREPROCESSOR_DEFINITIONS = (
					"_DEBUG=1",
					"DEBUG=1",
					"JUCE_DISPLAY_SPLASH_SCREEN=0",
					"JUCE_USE_DARK_SPLASH_SCREEN=1",
					"JUCE_PROJUCER_VERSION=0x70005",
					"JUCE_MODULE_AVAILABLE_juce_audio_basics=1",
					"JUCE_MODULE_AVAILABLE_juce_audio_devices=1",
					"JUCE_MODULE_AVAILABLE_juce_audio_formats=1",
					"JUCE_MODULE_AVAILABLE_juce_audio_plugin_client=1",
					"JUCE_MODULE_AVAILABLE_juce_audio_processors=1",
					"JUCE_MODULE_AVAILABLE_juce_audio_utils=1",
					"JUCE_MODULE_AVAILABLE_juce_core=1",
					"JUCE_MODULE_AVAILABLE_juce_data_structures=1",
					"JUCE_MODULE_AVAILABLE_juce_dsp=1",
					"JUCE_MODULE_AVAILABLE_juce_events=1",
					"JUCE_MODULE_AVAILABLE_juce_graphics=1",
					"JUCE_MODULE_AVAILABLE_juce_gui_basics=1",
					"JUCE_MODULE_AVAILABLE_juce_gui_extra=1",
					"JUCE_GLOBAL_MODULE_SETTINGS_INCLUDED=1",
					"JUCE_VST3_CAN_REPLACE_VST2=0",
					"JUCE_STRICT_REFCOUNTEDPOINTER=1",
					"JucePlugin_Build_VST=0",
					"JucePlugin_Build_VST3=0",
					"JucePlugin_Build_AU=1",
					"JucePlugin_Build_AUv3=0",
					"JucePlugin_Build_AAX=0",
					"JucePlugin_Build_Standalone=0",
					"JucePlugin_Build_Unity=0",
					"JucePlugin_Build_LV2=0",
					"JucePlugin_Enable_IAA=0",
					"JucePlugin_Enable_ARA=0",
					"JucePlugin_Name=\\\"Hermes\\ Voice\\ EQ\\\"",
					"JucePlugin_Desc=\\\"Hermes\\ Voice\\ EQ\\\"",
					"JucePlugin_Manufacturer=\\\"Viator\\ DSP\\ \\\"",
					"JucePlugin_ManufacturerWebsite=\\\"https://www.patreon.com/ViatorDSP\\\"",
					"JucePlugin_ManufacturerEmail=\\\"viatordsp@gmail.com\\\"",
					"JucePlugin_ManufacturerCode=0x4d616e75",
					"JucePlugin_PluginCode=0x41753779",
					"JucePlugin_IsSynth=0",
					"JucePlugin_WantsMidiInput=0",
					"JucePlugin_ProducesMidiOutput=0",
					"JucePlugin_IsMidiEffect=0",
					"JucePlugin_EditorRequiresKeyboardFocus=0",
					"JucePlugin_Version=1.0.0",
					"JucePlugin_VersionCode=0x10000",
					"JucePlugin_VersionString=\\\"1.0.0\\\"",
					"JucePlugin_VSTUniqueID=JucePlugin_PluginCode",
					"JucePlugin_VSTCategory=kPlugCategEffect",
					"JucePlugin_Vst3Category=\\\"Fx\\\"",
					"JucePlugin_AUMainType=\\'aufx\\'",
					"JucePlugin_AUSubType=JucePlugin_PluginCode",
					"JucePlugin_AUExportPrefix=HermesVoiceEQAU",
					"JucePlugin_AUExportPrefixQuoted=\\\"HermesVoiceEQAU\\\"",
					"JucePlugin_AUManufacturerCode=JucePlugin_ManufacturerCode",
					"JucePlugin_CFBundleIdentifier=com.ViatorDSP.HermesVoiceEQ",
					"JucePlugin_AAXIdentifier=com.ViatorDSP.HermesVoiceEQ",
					"JucePlugin_AAXManufacturerCode=JucePlugin_ManufacturerCode",
					"JucePlugin_AAXProductId=JucePlugin_PluginCode",
					"JucePlugin_AAXCategory=0",
					"JucePlugin_AAXDisableBypass=0",
					"JucePlugin_AAXDisableMultiMono=0",
					"JucePlugin_IAAType=0x61757278",
					"JucePlugin_IAASubType=JucePlugin_PluginCode",
					"JucePlugin_IAAName=\\\"Viator\\ DSP\\ :\\ Hermes\\ Voice\\ EQ\\\"",
					"JucePlugin_VSTNumMidiInputs=16",
					"JucePlugin_VSTNumMidiOutputs=16",
					"JucePlugin_ARAContentTypes=0",
					"JucePlugin_ARATransformationFlags=0",
					"JucePlugin_ARAFactoryID=\\\"com.ViatorDSP.HermesVoiceEQ.factory\\\"",
					"JucePlugin_ARADocumentArchiveID=\\\"com.ViatorDSP.HermesVoiceEQ.aradocumentarchive.1.0.0\\\"",
					"JucePlugin_ARACompatibleArchiveIDs=\\\"\\\"",
					"JUCE_STANDALONE_APPLICATION=JucePlugin_Build_Standalone",
					"JUCER_XCODE_MAC_F6D2F4CF=1",
					"JUCE_APP_VERSION=1.0.0",
					"JUCE_APP_VERSION_HEX=0x10000",
				);
				GCC_VERSION = com.apple.compilers.llvm.clang.1_0;
				GENERATE_PKGINFO_FILE = YES;
				HEADER_SEARCH_PATHS = (
					"/Users/landonviator/Documents/GitHub/JUCE/modules/juce_audio_processors/format_types/VST3_SDK",
					"$(SRCROOT)/../../JuceLibraryCode",
					"/Users/landonviator/Documents/GitHub/JUCE/modules",
					"/Users/landonviator/Documents/GitHub/JUCE/modules/juce_audio_plugin_client/AU",
					"$(inherited)",
				);
				INFOPLIST_FILE = Info-AU.plist;
				INFOPLIST_PREPROCESS = NO;
				INSTALL_PATH = "$(HOME)/Library/Audio/Plug-Ins/Components/";
				LIBRARY_STYLE = Bundle;
				MACOSX_DEPLOYMENT_TARGET = 10.13;
				MTL_HEADER_SEARCH_PATHS = "/Users/landonviator/Documents/GitHub/JUCE/modules/juce_audio_processors/format_types/VST3_SDK $(SRCROOT)/../../JuceLibraryCode /Users/landonviator/Documents/GitHub/JUCE/modules /Users/landonviator/Documents/GitHub/JUCE/modules/juce_audio_plugin_client/AU";
				OTHER_LDFLAGS = "-bundle -lHermes\\ Voice\\ EQ -weak_framework Metal -weak_framework MetalKit";
				OTHER_REZFLAGS = "-d ppc_$ppc -d i386_$i386 -d ppc64_$ppc64 -d x86_64_$x86_64 -d arm64_$arm64 -I /System/Library/Frameworks/CoreServices.framework/Frameworks/CarbonCore.framework/Versions/A/Headers -I \"$(DEVELOPER_DIR)/Extras/CoreAudio/AudioUnits/AUPublic/AUBase\" -I \"$(DEVELOPER_DIR)/Platforms/MacOSX.platform/Developer/SDKs/MacOSX.sdk/System/Library/Frameworks/AudioUnit.framework/Headers\"";
				PRODUCT_BUNDLE_IDENTIFIER = com.ViatorDSP.HermesVoiceEQ;
				PRODUCT_NAME = "Hermes Voice EQ";
				USE_HEADERMAP = NO;
				VALID_ARCHS = "i386 x86_64 arm64 arm64e";
				WRAPPER_EXTENSION = component;
			};
			name = Debug;
		};
		9D07ADAC3DA5B8AB148C6DFD /* Debug */ = {
			isa = XCBuildConfiguration;
			buildSettings = {
				CLANG_CXX_LANGUAGE_STANDARD = "c++17";
				CLANG_CXX_LIBRARY = "libc++";
				CLANG_LINK_OBJC_RUNTIME = NO;
				COMBINE_HIDPI_IMAGES = YES;
				CONFIGURATION_BUILD_DIR = "$(PROJECT_DIR)/build/$(CONFIGURATION)";
				COPY_PHASE_STRIP = NO;
				EXCLUDED_ARCHS = "";
				GCC_DYNAMIC_NO_PIC = NO;
				GCC_OPTIMIZATION_LEVEL = 0;
				GCC_PREPROCESSOR_DEFINITIONS = (
					"_DEBUG=1",
					"DEBUG=1",
					"JUCE_DISPLAY_SPLASH_SCREEN=0",
					"JUCE_USE_DARK_SPLASH_SCREEN=1",
					"JUCE_PROJUCER_VERSION=0x70005",
					"JUCE_MODULE_AVAILABLE_juce_audio_basics=1",
					"JUCE_MODULE_AVAILABLE_juce_audio_devices=1",
					"JUCE_MODULE_AVAILABLE_juce_audio_formats=1",
					"JUCE_MODULE_AVAILABLE_juce_audio_plugin_client=1",
					"JUCE_MODULE_AVAILABLE_juce_audio_processors=1",
					"JUCE_MODULE_AVAILABLE_juce_audio_utils=1",
					"JUCE_MODULE_AVAILABLE_juce_core=1",
					"JUCE_MODULE_AVAILABLE_juce_data_structures=1",
					"JUCE_MODULE_AVAILABLE_juce_dsp=1",
					"JUCE_MODULE_AVAILABLE_juce_events=1",
					"JUCE_MODULE_AVAILABLE_juce_graphics=1",
					"JUCE_MODULE_AVAILABLE_juce_gui_basics=1",
					"JUCE_MODULE_AVAILABLE_juce_gui_extra=1",
					"JUCE_GLOBAL_MODULE_SETTINGS_INCLUDED=1",
					"JUCE_VST3_CAN_REPLACE_VST2=0",
					"JUCE_STRICT_REFCOUNTEDPOINTER=1",
					"JucePlugin_Build_VST=0",
					"JucePlugin_Build_VST3=1",
					"JucePlugin_Build_AU=1",
					"JucePlugin_Build_AUv3=0",
					"JucePlugin_Build_AAX=0",
					"JucePlugin_Build_Standalone=1",
					"JucePlugin_Build_Unity=0",
					"JucePlugin_Build_LV2=0",
					"JucePlugin_Enable_IAA=0",
					"JucePlugin_Enable_ARA=0",
					"JucePlugin_Name=\\\"Hermes\\ Voice\\ EQ\\\"",
					"JucePlugin_Desc=\\\"Hermes\\ Voice\\ EQ\\\"",
					"JucePlugin_Manufacturer=\\\"Viator\\ DSP\\ \\\"",
					"JucePlugin_ManufacturerWebsite=\\\"https://www.patreon.com/ViatorDSP\\\"",
					"JucePlugin_ManufacturerEmail=\\\"viatordsp@gmail.com\\\"",
					"JucePlugin_ManufacturerCode=0x4d616e75",
					"JucePlugin_PluginCode=0x41753779",
					"JucePlugin_IsSynth=0",
					"JucePlugin_WantsMidiInput=0",
					"JucePlugin_ProducesMidiOutput=0",
					"JucePlugin_IsMidiEffect=0",
					"JucePlugin_EditorRequiresKeyboardFocus=0",
					"JucePlugin_Version=1.0.0",
					"JucePlugin_VersionCode=0x10000",
					"JucePlugin_VersionString=\\\"1.0.0\\\"",
					"JucePlugin_VSTUniqueID=JucePlugin_PluginCode",
					"JucePlugin_VSTCategory=kPlugCategEffect",
					"JucePlugin_Vst3Category=\\\"Fx\\\"",
					"JucePlugin_AUMainType=\\'aufx\\'",
					"JucePlugin_AUSubType=JucePlugin_PluginCode",
					"JucePlugin_AUExportPrefix=HermesVoiceEQAU",
					"JucePlugin_AUExportPrefixQuoted=\\\"HermesVoiceEQAU\\\"",
					"JucePlugin_AUManufacturerCode=JucePlugin_ManufacturerCode",
					"JucePlugin_CFBundleIdentifier=com.ViatorDSP.HermesVoiceEQ",
					"JucePlugin_AAXIdentifier=com.ViatorDSP.HermesVoiceEQ",
					"JucePlugin_AAXManufacturerCode=JucePlugin_ManufacturerCode",
					"JucePlugin_AAXProductId=JucePlugin_PluginCode",
					"JucePlugin_AAXCategory=0",
					"JucePlugin_AAXDisableBypass=0",
					"JucePlugin_AAXDisableMultiMono=0",
					"JucePlugin_IAAType=0x61757278",
					"JucePlugin_IAASubType=JucePlugin_PluginCode",
					"JucePlugin_IAAName=\\\"Viator\\ DSP\\ :\\ Hermes\\ Voice\\ EQ\\\"",
					"JucePlugin_VSTNumMidiInputs=16",
					"JucePlugin_VSTNumMidiOutputs=16",
					"JucePlugin_ARAContentTypes=0",
					"JucePlugin_ARATransformationFlags=0",
					"JucePlugin_ARAFactoryID=\\\"com.ViatorDSP.HermesVoiceEQ.factory\\\"",
					"JucePlugin_ARADocumentArchiveID=\\\"com.ViatorDSP.HermesVoiceEQ.aradocumentarchive.1.0.0\\\"",
					"JucePlugin_ARACompatibleArchiveIDs=\\\"\\\"",
					"JUCE_STANDALONE_APPLICATION=JucePlugin_Build_Standalone",
					"JUCER_XCODE_MAC_F6D2F4CF=1",
					"JUCE_APP_VERSION=1.0.0",
					"JUCE_APP_VERSION_HEX=0x10000",
					"JUCE_SHARED_CODE=1",
				);
				GCC_VERSION = com.apple.compilers.llvm.clang.1_0;
				HEADER_SEARCH_PATHS = (
					"/Users/landonviator/Documents/GitHub/JUCE/modules/juce_audio_processors/format_types/VST3_SDK",
					"$(SRCROOT)/../../JuceLibraryCode",
					"/Users/landonviator/Documents/GitHub/JUCE/modules",
					"/Users/landonviator/Documents/GitHub/JUCE/modules/juce_audio_plugin_client/AU",
					"$(inherited)",
				);
				INSTALL_PATH = "@executable_path/../Frameworks";
				MACOSX_DEPLOYMENT_TARGET = 10.13;
				MTL_HEADER_SEARCH_PATHS = "/Users/landonviator/Documents/GitHub/JUCE/modules/juce_audio_processors/format_types/VST3_SDK $(SRCROOT)/../../JuceLibraryCode /Users/landonviator/Documents/GitHub/JUCE/modules /Users/landonviator/Documents/GitHub/JUCE/modules/juce_audio_plugin_client/AU";
				OTHER_LDFLAGS = "-weak_framework Metal -weak_framework MetalKit";
				PRODUCT_BUNDLE_IDENTIFIER = com.ViatorDSP.HermesVoiceEQ;
				PRODUCT_NAME = "Hermes Voice EQ";
				SKIP_INSTALL = YES;
				USE_HEADERMAP = NO;
				VALID_ARCHS = "i386 x86_64 arm64 arm64e";
			};
			name = Debug;
		};
		C6424B7E358B0A3A4D21D1A6 /* Release */ = {
			isa = XCBuildConfiguration;
			buildSettings = {
				ALWAYS_SEARCH_USER_PATHS = NO;
				CLANG_ENABLE_OBJC_WEAK = YES;
				CLANG_WARN_BLOCK_CAPTURE_AUTORELEASING = YES;
				CLANG_WARN_BOOL_CONVERSION = YES;
				CLANG_WARN_COMMA = YES;
				CLANG_WARN_CONSTANT_CONVERSION = YES;
				CLANG_WARN_DEPRECATED_OBJC_IMPLEMENTATIONS = YES;
				CLANG_WARN_EMPTY_BODY = YES;
				CLANG_WARN_ENUM_CONVERSION = YES;
				CLANG_WARN_INFINITE_RECURSION = YES;
				CLANG_WARN_INT_CONVERSION = YES;
				CLANG_WARN_NON_LITERAL_NULL_CONVERSION = YES;
				CLANG_WARN_OBJC_IMPLICIT_RETAIN_SELF = YES;
				CLANG_WARN_OBJC_LITERAL_CONVERSION = YES;
				CLANG_WARN_RANGE_LOOP_ANALYSIS = YES;
				CLANG_WARN_STRICT_PROTOTYPES = YES;
				CLANG_WARN_SUSPICIOUS_MOVE = YES;
				CLANG_WARN_UNREACHABLE_CODE = YES;
				CLANG_WARN__DUPLICATE_METHOD_MATCH = YES;
				DEBUG_INFORMATION_FORMAT = dwarf;
				ENABLE_STRICT_OBJC_MSGSEND = YES;
				ENABLE_TESTABILITY = NO;
				GCC_C_LANGUAGE_STANDARD = c11;
				GCC_INLINES_ARE_PRIVATE_EXTERN = YES;
				GCC_MODEL_TUNING = G5;
				GCC_NO_COMMON_BLOCKS = YES;
				GCC_SYMBOLS_PRIVATE_EXTERN = YES;
				GCC_WARN_64_TO_32_BIT_CONVERSION = YES;
				GCC_WARN_ABOUT_RETURN_TYPE = YES;
				GCC_WARN_CHECK_SWITCH_STATEMENTS = YES;
				GCC_WARN_MISSING_PARENTHESES = YES;
				GCC_WARN_NON_VIRTUAL_DESTRUCTOR = YES;
				GCC_WARN_TYPECHECK_CALLS_TO_PRINTF = YES;
				GCC_WARN_UNDECLARED_SELECTOR = YES;
				GCC_WARN_UNINITIALIZED_AUTOS = YES;
				GCC_WARN_UNUSED_FUNCTION = YES;
				GCC_WARN_UNUSED_VARIABLE = YES;
				PRODUCT_NAME = "Hermes Voice EQ";
				SDKROOT = macosx;
				WARNING_CFLAGS = "-Wreorder";
				ZERO_LINK = NO;
			};
			name = Release;
		};
		C9BB0D24E3A988AD2E306367 /* Release */ = {
			isa = XCBuildConfiguration;
			buildSettings = {
				CLANG_CXX_LANGUAGE_STANDARD = "c++17";
				CLANG_CXX_LIBRARY = "libc++";
				CLANG_LINK_OBJC_RUNTIME = NO;
				COMBINE_HIDPI_IMAGES = YES;
				CONFIGURATION_BUILD_DIR = "$(PROJECT_DIR)/build/$(CONFIGURATION)";
				DEAD_CODE_STRIPPING = YES;
				DEPLOYMENT_LOCATION = YES;
				DSTROOT = /;
				EXCLUDED_ARCHS = "";
				GCC_GENERATE_DEBUGGING_SYMBOLS = NO;
				GCC_OPTIMIZATION_LEVEL = 3;
				GCC_PREPROCESSOR_DEFINITIONS = (
					"_NDEBUG=1",
					"NDEBUG=1",
					"JUCE_DISPLAY_SPLASH_SCREEN=0",
					"JUCE_USE_DARK_SPLASH_SCREEN=1",
					"JUCE_PROJUCER_VERSION=0x70005",
					"JUCE_MODULE_AVAILABLE_juce_audio_basics=1",
					"JUCE_MODULE_AVAILABLE_juce_audio_devices=1",
					"JUCE_MODULE_AVAILABLE_juce_audio_formats=1",
					"JUCE_MODULE_AVAILABLE_juce_audio_plugin_client=1",
					"JUCE_MODULE_AVAILABLE_juce_audio_processors=1",
					"JUCE_MODULE_AVAILABLE_juce_audio_utils=1",
					"JUCE_MODULE_AVAILABLE_juce_core=1",
					"JUCE_MODULE_AVAILABLE_juce_data_structures=1",
					"JUCE_MODULE_AVAILABLE_juce_dsp=1",
					"JUCE_MODULE_AVAILABLE_juce_events=1",
					"JUCE_MODULE_AVAILABLE_juce_graphics=1",
					"JUCE_MODULE_AVAILABLE_juce_gui_basics=1",
					"JUCE_MODULE_AVAILABLE_juce_gui_extra=1",
					"JUCE_GLOBAL_MODULE_SETTINGS_INCLUDED=1",
					"JUCE_VST3_CAN_REPLACE_VST2=0",
					"JUCE_STRICT_REFCOUNTEDPOINTER=1",
					"JucePlugin_Build_VST=0",
					"JucePlugin_Build_VST3=0",
					"JucePlugin_Build_AU=1",
					"JucePlugin_Build_AUv3=0",
					"JucePlugin_Build_AAX=0",
					"JucePlugin_Build_Standalone=0",
					"JucePlugin_Build_Unity=0",
					"JucePlugin_Build_LV2=0",
					"JucePlugin_Enable_IAA=0",
					"JucePlugin_Enable_ARA=0",
					"JucePlugin_Name=\\\"Hermes\\ Voice\\ EQ\\\"",
					"JucePlugin_Desc=\\\"Hermes\\ Voice\\ EQ\\\"",
					"JucePlugin_Manufacturer=\\\"Viator\\ DSP\\ \\\"",
					"JucePlugin_ManufacturerWebsite=\\\"https://www.patreon.com/ViatorDSP\\\"",
					"JucePlugin_ManufacturerEmail=\\\"viatordsp@gmail.com\\\"",
					"JucePlugin_ManufacturerCode=0x4d616e75",
					"JucePlugin_PluginCode=0x41753779",
					"JucePlugin_IsSynth=0",
					"JucePlugin_WantsMidiInput=0",
					"JucePlugin_ProducesMidiOutput=0",
					"JucePlugin_IsMidiEffect=0",
					"JucePlugin_EditorRequiresKeyboardFocus=0",
					"JucePlugin_Version=1.0.0",
					"JucePlugin_VersionCode=0x10000",
					"JucePlugin_VersionString=\\\"1.0.0\\\"",
					"JucePlugin_VSTUniqueID=JucePlugin_PluginCode",
					"JucePlugin_VSTCategory=kPlugCategEffect",
					"JucePlugin_Vst3Category=\\\"Fx\\\"",
					"JucePlugin_AUMainType=\\'aufx\\'",
					"JucePlugin_AUSubType=JucePlugin_PluginCode",
					"JucePlugin_AUExportPrefix=HermesVoiceEQAU",
					"JucePlugin_AUExportPrefixQuoted=\\\"HermesVoiceEQAU\\\"",
					"JucePlugin_AUManufacturerCode=JucePlugin_ManufacturerCode",
					"JucePlugin_CFBundleIdentifier=com.ViatorDSP.HermesVoiceEQ",
					"JucePlugin_AAXIdentifier=com.ViatorDSP.HermesVoiceEQ",
					"JucePlugin_AAXManufacturerCode=JucePlugin_ManufacturerCode",
					"JucePlugin_AAXProductId=JucePlugin_PluginCode",
					"JucePlugin_AAXCategory=0",
					"JucePlugin_AAXDisableBypass=0",
					"JucePlugin_AAXDisableMultiMono=0",
					"JucePlugin_IAAType=0x61757278",
					"JucePlugin_IAASubType=JucePlugin_PluginCode",
					"JucePlugin_IAAName=\\\"Viator\\ DSP\\ :\\ Hermes\\ Voice\\ EQ\\\"",
					"JucePlugin_VSTNumMidiInputs=16",
					"JucePlugin_VSTNumMidiOutputs=16",
					"JucePlugin_ARAContentTypes=0",
					"JucePlugin_ARATransformationFlags=0",
					"JucePlugin_ARAFactoryID=\\\"com.ViatorDSP.HermesVoiceEQ.factory\\\"",
					"JucePlugin_ARADocumentArchiveID=\\\"com.ViatorDSP.HermesVoiceEQ.aradocumentarchive.1.0.0\\\"",
					"JucePlugin_ARACompatibleArchiveIDs=\\\"\\\"",
					"JUCE_STANDALONE_APPLICATION=JucePlugin_Build_Standalone",
					"JUCER_XCODE_MAC_F6D2F4CF=1",
					"JUCE_APP_VERSION=1.0.0",
					"JUCE_APP_VERSION_HEX=0x10000",
				);
				GCC_VERSION = com.apple.compilers.llvm.clang.1_0;
				GENERATE_PKGINFO_FILE = YES;
				HEADER_SEARCH_PATHS = (
					"/Users/landonviator/Documents/GitHub/JUCE/modules/juce_audio_processors/format_types/VST3_SDK",
					"$(SRCROOT)/../../JuceLibraryCode",
					"/Users/landonviator/Documents/GitHub/JUCE/modules",
					"/Users/landonviator/Documents/GitHub/JUCE/modules/juce_audio_plugin_client/AU",
					"$(inherited)",
				);
				INFOPLIST_FILE = Info-AU.plist;
				INFOPLIST_PREPROCESS = NO;
				INSTALL_PATH = "$(HOME)/Library/Audio/Plug-Ins/Components/";
				LIBRARY_STYLE = Bundle;
				LLVM_LTO = YES;
				MACOSX_DEPLOYMENT_TARGET = 10.13;
				MTL_HEADER_SEARCH_PATHS = "/Users/landonviator/Documents/GitHub/JUCE/modules/juce_audio_processors/format_types/VST3_SDK $(SRCROOT)/../../JuceLibraryCode /Users/landonviator/Documents/GitHub/JUCE/modules /Users/landonviator/Documents/GitHub/JUCE/modules/juce_audio_plugin_client/AU";
				OTHER_LDFLAGS = "-bundle -lHermes\\ Voice\\ EQ -weak_framework Metal -weak_framework MetalKit";
				OTHER_REZFLAGS = "-d ppc_$ppc -d i386_$i386 -d ppc64_$ppc64 -d x86_64_$x86_64 -d arm64_$arm64 -I /System/Library/Frameworks/CoreServices.framework/Frameworks/CarbonCore.framework/Versions/A/Headers -I \"$(DEVELOPER_DIR)/Extras/CoreAudio/AudioUnits/AUPublic/AUBase\" -I \"$(DEVELOPER_DIR)/Platforms/MacOSX.platform/Developer/SDKs/MacOSX.sdk/System/Library/Frameworks/AudioUnit.framework/Headers\"";
				PRODUCT_BUNDLE_IDENTIFIER = com.ViatorDSP.HermesVoiceEQ;
				PRODUCT_NAME = "Hermes Voice EQ";
				USE_HEADERMAP = NO;
				VALID_ARCHS = "i386 x86_64 arm64 arm64e";
				WRAPPER_EXTENSION = component;
			};
			name = Release;
		};
		CFB08AC605CC4F02D3D13688 /* Release */ = {
			isa = XCBuildConfiguration;
			buildSettings = {
				CLANG_CXX_LANGUAGE_STANDARD = "c++17";
				CLANG_CXX_LIBRARY = "libc++";
				CLANG_LINK_OBJC_RUNTIME = NO;
				COMBINE_HIDPI_IMAGES = YES;
				CONFIGURATION_BUILD_DIR = "$(PROJECT_DIR)/build/$(CONFIGURATION)";
				DEAD_CODE_STRIPPING = YES;
				EXCLUDED_ARCHS = "";
				GCC_GENERATE_DEBUGGING_SYMBOLS = NO;
				GCC_OPTIMIZATION_LEVEL = 3;
				GCC_PREPROCESSOR_DEFINITIONS = (
					"_NDEBUG=1",
					"NDEBUG=1",
					"JUCE_DISPLAY_SPLASH_SCREEN=0",
					"JUCE_USE_DARK_SPLASH_SCREEN=1",
					"JUCE_PROJUCER_VERSION=0x70005",
					"JUCE_MODULE_AVAILABLE_juce_audio_basics=1",
					"JUCE_MODULE_AVAILABLE_juce_audio_devices=1",
					"JUCE_MODULE_AVAILABLE_juce_audio_formats=1",
					"JUCE_MODULE_AVAILABLE_juce_audio_plugin_client=1",
					"JUCE_MODULE_AVAILABLE_juce_audio_processors=1",
					"JUCE_MODULE_AVAILABLE_juce_audio_utils=1",
					"JUCE_MODULE_AVAILABLE_juce_core=1",
					"JUCE_MODULE_AVAILABLE_juce_data_structures=1",
					"JUCE_MODULE_AVAILABLE_juce_dsp=1",
					"JUCE_MODULE_AVAILABLE_juce_events=1",
					"JUCE_MODULE_AVAILABLE_juce_graphics=1",
					"JUCE_MODULE_AVAILABLE_juce_gui_basics=1",
					"JUCE_MODULE_AVAILABLE_juce_gui_extra=1",
					"JUCE_GLOBAL_MODULE_SETTINGS_INCLUDED=1",
					"JUCE_VST3_CAN_REPLACE_VST2=0",
					"JUCE_STRICT_REFCOUNTEDPOINTER=1",
					"JucePlugin_Build_VST=0",
					"JucePlugin_Build_VST3=1",
					"JucePlugin_Build_AU=1",
					"JucePlugin_Build_AUv3=0",
					"JucePlugin_Build_AAX=0",
					"JucePlugin_Build_Standalone=1",
					"JucePlugin_Build_Unity=0",
					"JucePlugin_Build_LV2=0",
					"JucePlugin_Enable_IAA=0",
					"JucePlugin_Enable_ARA=0",
					"JucePlugin_Name=\\\"Hermes\\ Voice\\ EQ\\\"",
					"JucePlugin_Desc=\\\"Hermes\\ Voice\\ EQ\\\"",
					"JucePlugin_Manufacturer=\\\"Viator\\ DSP\\ \\\"",
					"JucePlugin_ManufacturerWebsite=\\\"https://www.patreon.com/ViatorDSP\\\"",
					"JucePlugin_ManufacturerEmail=\\\"viatordsp@gmail.com\\\"",
					"JucePlugin_ManufacturerCode=0x4d616e75",
					"JucePlugin_PluginCode=0x41753779",
					"JucePlugin_IsSynth=0",
					"JucePlugin_WantsMidiInput=0",
					"JucePlugin_ProducesMidiOutput=0",
					"JucePlugin_IsMidiEffect=0",
					"JucePlugin_EditorRequiresKeyboardFocus=0",
					"JucePlugin_Version=1.0.0",
					"JucePlugin_VersionCode=0x10000",
					"JucePlugin_VersionString=\\\"1.0.0\\\"",
					"JucePlugin_VSTUniqueID=JucePlugin_PluginCode",
					"JucePlugin_VSTCategory=kPlugCategEffect",
					"JucePlugin_Vst3Category=\\\"Fx\\\"",
					"JucePlugin_AUMainType=\\'aufx\\'",
					"JucePlugin_AUSubType=JucePlugin_PluginCode",
					"JucePlugin_AUExportPrefix=HermesVoiceEQAU",
					"JucePlugin_AUExportPrefixQuoted=\\\"HermesVoiceEQAU\\\"",
					"JucePlugin_AUManufacturerCode=JucePlugin_ManufacturerCode",
					"JucePlugin_CFBundleIdentifier=com.ViatorDSP.HermesVoiceEQ",
					"JucePlugin_AAXIdentifier=com.ViatorDSP.HermesVoiceEQ",
					"JucePlugin_AAXManufacturerCode=JucePlugin_ManufacturerCode",
					"JucePlugin_AAXProductId=JucePlugin_PluginCode",
					"JucePlugin_AAXCategory=0",
					"JucePlugin_AAXDisableBypass=0",
					"JucePlugin_AAXDisableMultiMono=0",
					"JucePlugin_IAAType=0x61757278",
					"JucePlugin_IAASubType=JucePlugin_PluginCode",
					"JucePlugin_IAAName=\\\"Viator\\ DSP\\ :\\ Hermes\\ Voice\\ EQ\\\"",
					"JucePlugin_VSTNumMidiInputs=16",
					"JucePlugin_VSTNumMidiOutputs=16",
					"JucePlugin_ARAContentTypes=0",
					"JucePlugin_ARATransformationFlags=0",
					"JucePlugin_ARAFactoryID=\\\"com.ViatorDSP.HermesVoiceEQ.factory\\\"",
					"JucePlugin_ARADocumentArchiveID=\\\"com.ViatorDSP.HermesVoiceEQ.aradocumentarchive.1.0.0\\\"",
					"JucePlugin_ARACompatibleArchiveIDs=\\\"\\\"",
					"JUCE_STANDALONE_APPLICATION=JucePlugin_Build_Standalone",
					"JUCER_XCODE_MAC_F6D2F4CF=1",
					"JUCE_APP_VERSION=1.0.0",
					"JUCE_APP_VERSION_HEX=0x10000",
					"JUCE_SHARED_CODE=1",
				);
				GCC_VERSION = com.apple.compilers.llvm.clang.1_0;
				HEADER_SEARCH_PATHS = (
					"/Users/landonviator/Documents/GitHub/JUCE/modules/juce_audio_processors/format_types/VST3_SDK",
					"$(SRCROOT)/../../JuceLibraryCode",
					"/Users/landonviator/Documents/GitHub/JUCE/modules",
					"/Users/landonviator/Documents/GitHub/JUCE/modules/juce_audio_plugin_client/AU",
					"$(inherited)",
				);
				INSTALL_PATH = "@executable_path/../Frameworks";
				LLVM_LTO = YES;
				MACOSX_DEPLOYMENT_TARGET = 10.13;
				MTL_HEADER_SEARCH_PATHS = "/Users/landonviator/Documents/GitHub/JUCE/modules/juce_audio_processors/format_types/VST3_SDK $(SRCROOT)/../../JuceLibraryCode /Users/landonviator/Documents/GitHub/JUCE/modules /Users/landonviator/Documents/GitHub/JUCE/modules/juce_audio_plugin_client/AU";
				OTHER_LDFLAGS = "-weak_framework Metal -weak_framework MetalKit";
				PRODUCT_BUNDLE_IDENTIFIER = com.ViatorDSP.HermesVoiceEQ;
				PRODUCT_NAME = "Hermes Voice EQ";
				SKIP_INSTALL = YES;
				USE_HEADERMAP = NO;
				VALID_ARCHS = "i386 x86_64 arm64 arm64e";
			};
			name = Release;
		};
		E98A84205018EF8ED9F8FB69 /* Release */ = {
			isa = XCBuildConfiguration;
			buildSettings = {
				MACOSX_DEPLOYMENT_TARGET = 10.13;
				SDKROOT = macosx;
			};
			name = Release;
		};
/* End XCBuildConfiguration section */

/* Begin XCConfigurationList section */
		544D4BD1819AD23D6BCFEF47 = {
			isa = XCConfigurationList;
			buildConfigurations = (
				32585CEB62CA0FA72D17A306,
				C6424B7E358B0A3A4D21D1A6,
			);
			defaultConfigurationIsVisible = 0;
			defaultConfigurationName = Debug;
		};
		5AA5CBB4D03B3B53715A04BF = {
			isa = XCConfigurationList;
			buildConfigurations = (
				9D07ADAC3DA5B8AB148C6DFD,
				CFB08AC605CC4F02D3D13688,
			);
			defaultConfigurationIsVisible = 0;
			defaultConfigurationName = Debug;
		};
		7B752249634CA9B86BF12E64 = {
			isa = XCConfigurationList;
			buildConfigurations = (
				981FDE3B876C375076453EE3,
				C9BB0D24E3A988AD2E306367,
			);
			defaultConfigurationIsVisible = 0;
			defaultConfigurationName = Debug;
		};
		DA4B13F0A82F0348F0FABC51 = {
			isa = XCConfigurationList;
			buildConfigurations = (
				953F0BAF03735884001AD7E7,
				83F4AC4FB41EBED9A468D410,
			);
			defaultConfigurationIsVisible = 0;
			defaultConfigurationName = Debug;
		};
		FCFBBAC178B4848DA66CD1A8 = {
			isa = XCConfigurationList;
			buildConfigurations = (
				929F5A8632597337298DFD01,
				E98A84205018EF8ED9F8FB69,
			);
			defaultConfigurationIsVisible = 0;
			defaultConfigurationName = Debug;
		};
		FD77F0F7906256630E3832B2 = {
			isa = XCConfigurationList;
			buildConfigurations = (
				2AE8A094FB6261498ED87EA4,
				2887CA5A7AA36E4AA9DAADE7,
			);
			defaultConfigurationIsVisible = 0;
			defaultConfigurationName = Debug;
		};
/* End XCConfigurationList section */
	};
	rootObject = 4CCCBE531616FE4E93858E3A /* Project object */;
}
